Microsoft Visual Studio Solution File, Format Version 8.00
Project("{8BC9CEB8-8B4A-11D0-8D11-00A0C91BC942}") = "XPRess", "XPRess.vcproj", "{1D797CD7-8FA9-4A35-8ABD-F557F2F24CDC}"
	ProjectSection(ProjectDependencies) = postProject
		{C1492E09-EDB1-4B87-937D-CE46197702F3} = {C1492E09-EDB1-4B87-937D-CE46197702F3}
		{155AD420-834A-475C-A7D7-8D61D5B09F42} = {155AD420-834A-475C-A7D7-8D61D5B09F42}
		{FAF27AB7-B622-4B9C-B562-83AC0D28950D} = {FAF27AB7-B622-4B9C-B562-83AC0D28950D}
		{737082DB-7E44-442C-99A3-4A3E1F6CAB92} = {737082DB-7E44-442C-99A3-4A3E1F6CAB92}
	EndProjectSection
EndProject
Project("{8BC9CEB8-8B4A-11D0-8D11-00A0C91BC942}") = "bundler", "Bundler\bundler.vcproj", "{C1492E09-EDB1-4B87-937D-CE46197702F3}"
	ProjectSection(ProjectDependencies) = postProject
	EndProjectSection
EndProject
Project("{8BC9CEB8-8B4A-11D0-8D11-00A0C91BC942}") = "libwin32", "..\libwin32\libwin32.vcproj", "{737082DB-7E44-442C-99A3-4A3E1F6CAB92}"
	ProjectSection(ProjectDependencies) = postProject
	EndProjectSection
EndProject
Project("{8BC9CEB8-8B4A-11D0-8D11-00A0C91BC942}") = "TupperAttrib", "..\..\GameLib\TupperAttrib\TupperAttrib.vcproj", "{155AD420-834A-475C-A7D7-8D61D5B09F42}"
	ProjectSection(ProjectDependencies) = postProject
	EndProjectSection
EndProject
Project("{8BC9CEB8-8B4A-11D0-8D11-00A0C91BC942}") = "tupperware", "..\..\GameLib\Tupperware\tupperware.vcproj", "{FAF27AB7-B622-4B9C-B562-83AC0D28950D}"
	ProjectSection(ProjectDependencies) = postProject
	EndProjectSection
EndProject
Global
	GlobalSection(SourceCodeControl) = preSolution
		SccNumberOfProjects = 6
		SccProjectName0 = \u0022//depot/Avalanche/Tools/XPRess\u0022
		SccLocalPath0 = .
		SccProvider0 = MSSCCI:Perforce\u0020SCM
		CanCheckoutShared = true
		SolutionUniqueID = {C0641F4D-0877-43B7-961A-8C36B6FBFBB2}
		SccProjectUniqueName1 = XPRess.vcproj
		SccLocalPath1 = .
		CanCheckoutShared = true
		SccProjectUniqueName2 = Bundler\\bundler.vcproj
		SccProjectName2 = \u0022//depot/Avalanche/Tools/XPRess/Bundler\u0022
		SccLocalPath2 = Bundler
		CanCheckoutShared = true
		SccProjectUniqueName3 = ..\\libwin32\\libwin32.vcproj
		SccProjectName3 = \u0022//depot/Avalanche/Tools\u0022
		SccLocalPath3 = ..
		CanCheckoutShared = true
		SccProjectFilePathRelativizedFromConnection3 = libwin32\\
		SccProjectUniqueName4 = ..\\..\\GameLib\\TupperAttrib\\TupperAttrib.vcproj
		SccProjectName4 = \u0022//depot/Avalanche/GameLib/TupperAttrib\u0022
		SccLocalPath4 = ..\\..\\GameLib\\TupperAttrib
		CanCheckoutShared = true
		SccProjectUniqueName5 = ..\\..\\GameLib\\Tupperware\\tupperware.vcproj
		SccProjectName5 = \u0022//depot/Avalanche/GameLib/Tupperware\u0022
		SccLocalPath5 = ..\\..\\GameLib\\Tupperware
		CanCheckoutShared = true
	EndGlobalSection
	GlobalSection(SolutionConfiguration) = preSolution
		Debug DX Win32 = Debug DX Win32
		Debug DX Xbox = Debug DX Xbox
		Debug Win32 = Debug Win32
		Debug Xbox = Debug Xbox
		PS2 CDROM Win32 = PS2 CDROM Win32
		PS2 CDROM Xbox = PS2 CDROM Xbox
		Release DX Win32 = Release DX Win32
		Release DX Xbox = Release DX Xbox
		Release Win32 = Release Win32
		Release Xbox = Release Xbox
		SN PS2 CDROM EENET Win32 = SN PS2 CDROM EENET Win32
		SN PS2 CDROM EENET Xbox = SN PS2 CDROM EENET Xbox
		SN PS2 Debug Win32 = SN PS2 Debug Win32
		SN PS2 Debug Xbox = SN PS2 Debug Xbox
		SN PS2 Release EENET Win32 = SN PS2 Release EENET Win32
		SN PS2 Release EENET Xbox = SN PS2 Release EENET Xbox
		SN PS2 Release Win32 = SN PS2 Release Win32
		SN PS2 Release Xbox = SN PS2 Release Xbox
		Tools Debug Win32 = Tools Debug Win32
		Tools Debug Xbox = Tools Debug Xbox
		Tools Hybrid Win32 = Tools Hybrid Win32
		Tools Hybrid Xbox = Tools Hybrid Xbox
		Tools Release Win32 = Tools Release Win32
		Tools Release Xbox = Tools Release Xbox
		Viewer Debug Win32 = Viewer Debug Win32
		Viewer Debug Xbox = Viewer Debug Xbox
		Viewer Release Win32 = Viewer Release Win32
		Viewer Release Xbox = Viewer Release Xbox
		Xbox Debug Win32 = Xbox Debug Win32
		Xbox Debug Xbox = Xbox Debug Xbox
		Xbox Release LTCG Win32 = Xbox Release LTCG Win32
		Xbox Release LTCG Xbox = Xbox Release LTCG Xbox
		Xbox Release Profile Fastcap Win32 = Xbox Release Profile Fastcap Win32
		Xbox Release Profile Fastcap Xbox = Xbox Release Profile Fastcap Xbox
		Xbox Release Profile Win32 = Xbox Release Profile Win32
		Xbox Release Profile Xbox = Xbox Release Profile Xbox
		Xbox Release Win32 = Xbox Release Win32
		Xbox Release Xbox = Xbox Release Xbox
	EndGlobalSection
	GlobalSection(ProjectConfiguration) = postSolution
		{1D797CD7-8FA9-4A35-8ABD-F557F2F24CDC}.Debug DX Win32.ActiveCfg = Debug|Win32
		{1D797CD7-8FA9-4A35-8ABD-F557F2F24CDC}.Debug DX Win32.Build.0 = Debug|Win32
		{1D797CD7-8FA9-4A35-8ABD-F557F2F24CDC}.Debug DX Xbox.ActiveCfg = Debug|Win32
		{1D797CD7-8FA9-4A35-8ABD-F557F2F24CDC}.Debug DX Xbox.Build.0 = Debug|Win32
		{1D797CD7-8FA9-4A35-8ABD-F557F2F24CDC}.Debug Win32.ActiveCfg = Debug|Win32
		{1D797CD7-8FA9-4A35-8ABD-F557F2F24CDC}.Debug Win32.Build.0 = Debug|Win32
		{1D797CD7-8FA9-4A35-8ABD-F557F2F24CDC}.Debug Xbox.ActiveCfg = Debug|Win32
		{1D797CD7-8FA9-4A35-8ABD-F557F2F24CDC}.Debug Xbox.Build.0 = Debug|Win32
		{1D797CD7-8FA9-4A35-8ABD-F557F2F24CDC}.PS2 CDROM Win32.ActiveCfg = Release|Win32
		{1D797CD7-8FA9-4A35-8ABD-F557F2F24CDC}.PS2 CDROM Win32.Build.0 = Release|Win32
		{1D797CD7-8FA9-4A35-8ABD-F557F2F24CDC}.PS2 CDROM Xbox.ActiveCfg = Release|Win32
		{1D797CD7-8FA9-4A35-8ABD-F557F2F24CDC}.PS2 CDROM Xbox.Build.0 = Release|Win32
		{1D797CD7-8FA9-4A35-8ABD-F557F2F24CDC}.Release DX Win32.ActiveCfg = Release|Win32
		{1D797CD7-8FA9-4A35-8ABD-F557F2F24CDC}.Release DX Win32.Build.0 = Release|Win32
		{1D797CD7-8FA9-4A35-8ABD-F557F2F24CDC}.Release DX Xbox.ActiveCfg = Release|Win32
		{1D797CD7-8FA9-4A35-8ABD-F557F2F24CDC}.Release DX Xbox.Build.0 = Release|Win32
		{1D797CD7-8FA9-4A35-8ABD-F557F2F24CDC}.Release Win32.ActiveCfg = Release|Win32
		{1D797CD7-8FA9-4A35-8ABD-F557F2F24CDC}.Release Win32.Build.0 = Release|Win32
		{1D797CD7-8FA9-4A35-8ABD-F557F2F24CDC}.Release Xbox.ActiveCfg = Release|Win32
		{1D797CD7-8FA9-4A35-8ABD-F557F2F24CDC}.Release Xbox.Build.0 = Release|Win32
		{1D797CD7-8FA9-4A35-8ABD-F557F2F24CDC}.SN PS2 CDROM EENET Win32.ActiveCfg = Release|Win32
		{1D797CD7-8FA9-4A35-8ABD-F557F2F24CDC}.SN PS2 CDROM EENET Win32.Build.0 = Release|Win32
		{1D797CD7-8FA9-4A35-8ABD-F557F2F24CDC}.SN PS2 CDROM EENET Xbox.ActiveCfg = Release|Win32
		{1D797CD7-8FA9-4A35-8ABD-F557F2F24CDC}.SN PS2 CDROM EENET Xbox.Build.0 = Release|Win32
		{1D797CD7-8FA9-4A35-8ABD-F557F2F24CDC}.SN PS2 Debug Win32.ActiveCfg = Debug|Win32
		{1D797CD7-8FA9-4A35-8ABD-F557F2F24CDC}.SN PS2 Debug Win32.Build.0 = Debug|Win32
		{1D797CD7-8FA9-4A35-8ABD-F557F2F24CDC}.SN PS2 Debug Xbox.ActiveCfg = Debug|Win32
		{1D797CD7-8FA9-4A35-8ABD-F557F2F24CDC}.SN PS2 Debug Xbox.Build.0 = Debug|Win32
		{1D797CD7-8FA9-4A35-8ABD-F557F2F24CDC}.SN PS2 Release EENET Win32.ActiveCfg = Release|Win32
		{1D797CD7-8FA9-4A35-8ABD-F557F2F24CDC}.SN PS2 Release EENET Win32.Build.0 = Release|Win32
		{1D797CD7-8FA9-4A35-8ABD-F557F2F24CDC}.SN PS2 Release EENET Xbox.ActiveCfg = Release|Win32
		{1D797CD7-8FA9-4A35-8ABD-F557F2F24CDC}.SN PS2 Release EENET Xbox.Build.0 = Release|Win32
		{1D797CD7-8FA9-4A35-8ABD-F557F2F24CDC}.SN PS2 Release Win32.ActiveCfg = Release|Win32
		{1D797CD7-8FA9-4A35-8ABD-F557F2F24CDC}.SN PS2 Release Win32.Build.0 = Release|Win32
		{1D797CD7-8FA9-4A35-8ABD-F557F2F24CDC}.SN PS2 Release Xbox.ActiveCfg = Release|Win32
		{1D797CD7-8FA9-4A35-8ABD-F557F2F24CDC}.SN PS2 Release Xbox.Build.0 = Release|Win32
		{1D797CD7-8FA9-4A35-8ABD-F557F2F24CDC}.Tools Debug Win32.ActiveCfg = Debug|Win32
		{1D797CD7-8FA9-4A35-8ABD-F557F2F24CDC}.Tools Debug Win32.Build.0 = Debug|Win32
		{1D797CD7-8FA9-4A35-8ABD-F557F2F24CDC}.Tools Debug Xbox.ActiveCfg = Debug|Win32
		{1D797CD7-8FA9-4A35-8ABD-F557F2F24CDC}.Tools Debug Xbox.Build.0 = Debug|Win32
		{1D797CD7-8FA9-4A35-8ABD-F557F2F24CDC}.Tools Hybrid Win32.ActiveCfg = Release|Win32
		{1D797CD7-8FA9-4A35-8ABD-F557F2F24CDC}.Tools Hybrid Win32.Build.0 = Release|Win32
		{1D797CD7-8FA9-4A35-8ABD-F557F2F24CDC}.Tools Hybrid Xbox.ActiveCfg = Release|Win32
		{1D797CD7-8FA9-4A35-8ABD-F557F2F24CDC}.Tools Hybrid Xbox.Build.0 = Release|Win32
		{1D797CD7-8FA9-4A35-8ABD-F557F2F24CDC}.Tools Release Win32.ActiveCfg = Release|Win32
		{1D797CD7-8FA9-4A35-8ABD-F557F2F24CDC}.Tools Release Win32.Build.0 = Release|Win32
		{1D797CD7-8FA9-4A35-8ABD-F557F2F24CDC}.Tools Release Xbox.ActiveCfg = Release|Win32
		{1D797CD7-8FA9-4A35-8ABD-F557F2F24CDC}.Tools Release Xbox.Build.0 = Release|Win32
		{1D797CD7-8FA9-4A35-8ABD-F557F2F24CDC}.Viewer Debug Win32.ActiveCfg = Debug|Win32
		{1D797CD7-8FA9-4A35-8ABD-F557F2F24CDC}.Viewer Debug Win32.Build.0 = Debug|Win32
		{1D797CD7-8FA9-4A35-8ABD-F557F2F24CDC}.Viewer Debug Xbox.ActiveCfg = Debug|Win32
		{1D797CD7-8FA9-4A35-8ABD-F557F2F24CDC}.Viewer Debug Xbox.Build.0 = Debug|Win32
		{1D797CD7-8FA9-4A35-8ABD-F557F2F24CDC}.Viewer Release Win32.ActiveCfg = Release|Win32
		{1D797CD7-8FA9-4A35-8ABD-F557F2F24CDC}.Viewer Release Win32.Build.0 = Release|Win32
		{1D797CD7-8FA9-4A35-8ABD-F557F2F24CDC}.Viewer Release Xbox.ActiveCfg = Release|Win32
		{1D797CD7-8FA9-4A35-8ABD-F557F2F24CDC}.Viewer Release Xbox.Build.0 = Release|Win32
		{1D797CD7-8FA9-4A35-8ABD-F557F2F24CDC}.Xbox Debug Win32.ActiveCfg = Debug|Win32
		{1D797CD7-8FA9-4A35-8ABD-F557F2F24CDC}.Xbox Debug Win32.Build.0 = Debug|Win32
		{1D797CD7-8FA9-4A35-8ABD-F557F2F24CDC}.Xbox Debug Xbox.ActiveCfg = Debug|Win32
		{1D797CD7-8FA9-4A35-8ABD-F557F2F24CDC}.Xbox Debug Xbox.Build.0 = Debug|Win32
		{1D797CD7-8FA9-4A35-8ABD-F557F2F24CDC}.Xbox Release LTCG Win32.ActiveCfg = Release|Win32
		{1D797CD7-8FA9-4A35-8ABD-F557F2F24CDC}.Xbox Release LTCG Win32.Build.0 = Release|Win32
		{1D797CD7-8FA9-4A35-8ABD-F557F2F24CDC}.Xbox Release LTCG Xbox.ActiveCfg = Release|Win32
		{1D797CD7-8FA9-4A35-8ABD-F557F2F24CDC}.Xbox Release LTCG Xbox.Build.0 = Release|Win32
		{1D797CD7-8FA9-4A35-8ABD-F557F2F24CDC}.Xbox Release Profile Fastcap Win32.ActiveCfg = Release|Win32
		{1D797CD7-8FA9-4A35-8ABD-F557F2F24CDC}.Xbox Release Profile Fastcap Win32.Build.0 = Release|Win32
		{1D797CD7-8FA9-4A35-8ABD-F557F2F24CDC}.Xbox Release Profile Fastcap Xbox.ActiveCfg = Release|Win32
		{1D797CD7-8FA9-4A35-8ABD-F557F2F24CDC}.Xbox Release Profile Fastcap Xbox.Build.0 = Release|Win32
		{1D797CD7-8FA9-4A35-8ABD-F557F2F24CDC}.Xbox Release Profile Win32.ActiveCfg = Release|Win32
		{1D797CD7-8FA9-4A35-8ABD-F557F2F24CDC}.Xbox Release Profile Win32.Build.0 = Release|Win32
		{1D797CD7-8FA9-4A35-8ABD-F557F2F24CDC}.Xbox Release Profile Xbox.ActiveCfg = Release|Win32
		{1D797CD7-8FA9-4A35-8ABD-F557F2F24CDC}.Xbox Release Profile Xbox.Build.0 = Release|Win32
		{1D797CD7-8FA9-4A35-8ABD-F557F2F24CDC}.Xbox Release Win32.ActiveCfg = Release|Win32
		{1D797CD7-8FA9-4A35-8ABD-F557F2F24CDC}.Xbox Release Win32.Build.0 = Release|Win32
		{1D797CD7-8FA9-4A35-8ABD-F557F2F24CDC}.Xbox Release Xbox.ActiveCfg = Release|Win32
		{1D797CD7-8FA9-4A35-8ABD-F557F2F24CDC}.Xbox Release Xbox.Build.0 = Release|Win32
		{C1492E09-EDB1-4B87-937D-CE46197702F3}.Debug DX Win32.ActiveCfg = Debug|Win32
		{C1492E09-EDB1-4B87-937D-CE46197702F3}.Debug DX Win32.Build.0 = Debug|Win32
		{C1492E09-EDB1-4B87-937D-CE46197702F3}.Debug DX Xbox.ActiveCfg = Debug|Win32
		{C1492E09-EDB1-4B87-937D-CE46197702F3}.Debug DX Xbox.Build.0 = Debug|Win32
		{C1492E09-EDB1-4B87-937D-CE46197702F3}.Debug Win32.ActiveCfg = Debug|Win32
		{C1492E09-EDB1-4B87-937D-CE46197702F3}.Debug Win32.Build.0 = Debug|Win32
		{C1492E09-EDB1-4B87-937D-CE46197702F3}.Debug Xbox.ActiveCfg = Debug|Win32
		{C1492E09-EDB1-4B87-937D-CE46197702F3}.Debug Xbox.Build.0 = Debug|Win32
		{C1492E09-EDB1-4B87-937D-CE46197702F3}.PS2 CDROM Win32.ActiveCfg = Release|Win32
		{C1492E09-EDB1-4B87-937D-CE46197702F3}.PS2 CDROM Win32.Build.0 = Release|Win32
		{C1492E09-EDB1-4B87-937D-CE46197702F3}.PS2 CDROM Xbox.ActiveCfg = Release|Win32
		{C1492E09-EDB1-4B87-937D-CE46197702F3}.PS2 CDROM Xbox.Build.0 = Release|Win32
		{C1492E09-EDB1-4B87-937D-CE46197702F3}.Release DX Win32.ActiveCfg = Release|Win32
		{C1492E09-EDB1-4B87-937D-CE46197702F3}.Release DX Win32.Build.0 = Release|Win32
		{C1492E09-EDB1-4B87-937D-CE46197702F3}.Release DX Xbox.ActiveCfg = Release|Win32
		{C1492E09-EDB1-4B87-937D-CE46197702F3}.Release DX Xbox.Build.0 = Release|Win32
		{C1492E09-EDB1-4B87-937D-CE46197702F3}.Release Win32.ActiveCfg = Release|Win32
		{C1492E09-EDB1-4B87-937D-CE46197702F3}.Release Win32.Build.0 = Release|Win32
		{C1492E09-EDB1-4B87-937D-CE46197702F3}.Release Xbox.ActiveCfg = Release|Win32
		{C1492E09-EDB1-4B87-937D-CE46197702F3}.Release Xbox.Build.0 = Release|Win32
		{C1492E09-EDB1-4B87-937D-CE46197702F3}.SN PS2 CDROM EENET Win32.ActiveCfg = Release|Win32
		{C1492E09-EDB1-4B87-937D-CE46197702F3}.SN PS2 CDROM EENET Win32.Build.0 = Release|Win32
		{C1492E09-EDB1-4B87-937D-CE46197702F3}.SN PS2 CDROM EENET Xbox.ActiveCfg = Release|Win32
		{C1492E09-EDB1-4B87-937D-CE46197702F3}.SN PS2 CDROM EENET Xbox.Build.0 = Release|Win32
		{C1492E09-EDB1-4B87-937D-CE46197702F3}.SN PS2 Debug Win32.ActiveCfg = Debug|Win32
		{C1492E09-EDB1-4B87-937D-CE46197702F3}.SN PS2 Debug Win32.Build.0 = Debug|Win32
		{C1492E09-EDB1-4B87-937D-CE46197702F3}.SN PS2 Debug Xbox.ActiveCfg = Debug|Win32
		{C1492E09-EDB1-4B87-937D-CE46197702F3}.SN PS2 Debug Xbox.Build.0 = Debug|Win32
		{C1492E09-EDB1-4B87-937D-CE46197702F3}.SN PS2 Release EENET Win32.ActiveCfg = Release|Win32
		{C1492E09-EDB1-4B87-937D-CE46197702F3}.SN PS2 Release EENET Win32.Build.0 = Release|Win32
		{C1492E09-EDB1-4B87-937D-CE46197702F3}.SN PS2 Release EENET Xbox.ActiveCfg = Release|Win32
		{C1492E09-EDB1-4B87-937D-CE46197702F3}.SN PS2 Release EENET Xbox.Build.0 = Release|Win32
		{C1492E09-EDB1-4B87-937D-CE46197702F3}.SN PS2 Release Win32.ActiveCfg = Release|Win32
		{C1492E09-EDB1-4B87-937D-CE46197702F3}.SN PS2 Release Win32.Build.0 = Release|Win32
		{C1492E09-EDB1-4B87-937D-CE46197702F3}.SN PS2 Release Xbox.ActiveCfg = Release|Win32
		{C1492E09-EDB1-4B87-937D-CE46197702F3}.SN PS2 Release Xbox.Build.0 = Release|Win32
		{C1492E09-EDB1-4B87-937D-CE46197702F3}.Tools Debug Win32.ActiveCfg = Debug|Win32
		{C1492E09-EDB1-4B87-937D-CE46197702F3}.Tools Debug Win32.Build.0 = Debug|Win32
		{C1492E09-EDB1-4B87-937D-CE46197702F3}.Tools Debug Xbox.ActiveCfg = Debug|Win32
		{C1492E09-EDB1-4B87-937D-CE46197702F3}.Tools Debug Xbox.Build.0 = Debug|Win32
		{C1492E09-EDB1-4B87-937D-CE46197702F3}.Tools Hybrid Win32.ActiveCfg = Release|Win32
		{C1492E09-EDB1-4B87-937D-CE46197702F3}.Tools Hybrid Win32.Build.0 = Release|Win32
		{C1492E09-EDB1-4B87-937D-CE46197702F3}.Tools Hybrid Xbox.ActiveCfg = Release|Win32
		{C1492E09-EDB1-4B87-937D-CE46197702F3}.Tools Hybrid Xbox.Build.0 = Release|Win32
		{C1492E09-EDB1-4B87-937D-CE46197702F3}.Tools Release Win32.ActiveCfg = Release|Win32
		{C1492E09-EDB1-4B87-937D-CE46197702F3}.Tools Release Win32.Build.0 = Release|Win32
		{C1492E09-EDB1-4B87-937D-CE46197702F3}.Tools Release Xbox.ActiveCfg = Release|Win32
		{C1492E09-EDB1-4B87-937D-CE46197702F3}.Tools Release Xbox.Build.0 = Release|Win32
		{C1492E09-EDB1-4B87-937D-CE46197702F3}.Viewer Debug Win32.ActiveCfg = Debug|Win32
		{C1492E09-EDB1-4B87-937D-CE46197702F3}.Viewer Debug Win32.Build.0 = Debug|Win32
		{C1492E09-EDB1-4B87-937D-CE46197702F3}.Viewer Debug Xbox.ActiveCfg = Debug|Win32
		{C1492E09-EDB1-4B87-937D-CE46197702F3}.Viewer Debug Xbox.Build.0 = Debug|Win32
		{C1492E09-EDB1-4B87-937D-CE46197702F3}.Viewer Release Win32.ActiveCfg = Release|Win32
		{C1492E09-EDB1-4B87-937D-CE46197702F3}.Viewer Release Win32.Build.0 = Release|Win32
		{C1492E09-EDB1-4B87-937D-CE46197702F3}.Viewer Release Xbox.ActiveCfg = Release|Win32
		{C1492E09-EDB1-4B87-937D-CE46197702F3}.Viewer Release Xbox.Build.0 = Release|Win32
		{C1492E09-EDB1-4B87-937D-CE46197702F3}.Xbox Debug Win32.ActiveCfg = Debug|Win32
		{C1492E09-EDB1-4B87-937D-CE46197702F3}.Xbox Debug Win32.Build.0 = Debug|Win32
		{C1492E09-EDB1-4B87-937D-CE46197702F3}.Xbox Debug Xbox.ActiveCfg = Debug|Win32
		{C1492E09-EDB1-4B87-937D-CE46197702F3}.Xbox Debug Xbox.Build.0 = Debug|Win32
		{C1492E09-EDB1-4B87-937D-CE46197702F3}.Xbox Release LTCG Win32.ActiveCfg = Release|Win32
		{C1492E09-EDB1-4B87-937D-CE46197702F3}.Xbox Release LTCG Win32.Build.0 = Release|Win32
		{C1492E09-EDB1-4B87-937D-CE46197702F3}.Xbox Release LTCG Xbox.ActiveCfg = Release|Win32
		{C1492E09-EDB1-4B87-937D-CE46197702F3}.Xbox Release LTCG Xbox.Build.0 = Release|Win32
		{C1492E09-EDB1-4B87-937D-CE46197702F3}.Xbox Release Profile Fastcap Win32.ActiveCfg = Release|Win32
		{C1492E09-EDB1-4B87-937D-CE46197702F3}.Xbox Release Profile Fastcap Win32.Build.0 = Release|Win32
		{C1492E09-EDB1-4B87-937D-CE46197702F3}.Xbox Release Profile Fastcap Xbox.ActiveCfg = Release|Win32
		{C1492E09-EDB1-4B87-937D-CE46197702F3}.Xbox Release Profile Fastcap Xbox.Build.0 = Release|Win32
		{C1492E09-EDB1-4B87-937D-CE46197702F3}.Xbox Release Profile Win32.ActiveCfg = Release|Win32
		{C1492E09-EDB1-4B87-937D-CE46197702F3}.Xbox Release Profile Win32.Build.0 = Release|Win32
		{C1492E09-EDB1-4B87-937D-CE46197702F3}.Xbox Release Profile Xbox.ActiveCfg = Release|Win32
		{C1492E09-EDB1-4B87-937D-CE46197702F3}.Xbox Release Profile Xbox.Build.0 = Release|Win32
		{C1492E09-EDB1-4B87-937D-CE46197702F3}.Xbox Release Win32.ActiveCfg = Release|Win32
		{C1492E09-EDB1-4B87-937D-CE46197702F3}.Xbox Release Win32.Build.0 = Release|Win32
		{C1492E09-EDB1-4B87-937D-CE46197702F3}.Xbox Release Xbox.ActiveCfg = Release|Win32
		{C1492E09-EDB1-4B87-937D-CE46197702F3}.Xbox Release Xbox.Build.0 = Release|Win32
		{737082DB-7E44-442C-99A3-4A3E1F6CAB92}.Debug DX Win32.ActiveCfg = Debug|Win32
		{737082DB-7E44-442C-99A3-4A3E1F6CAB92}.Debug DX Win32.Build.0 = Debug|Win32
		{737082DB-7E44-442C-99A3-4A3E1F6CAB92}.Debug DX Xbox.ActiveCfg = Debug|Win32
		{737082DB-7E44-442C-99A3-4A3E1F6CAB92}.Debug DX Xbox.Build.0 = Debug|Win32
		{737082DB-7E44-442C-99A3-4A3E1F6CAB92}.Debug Win32.ActiveCfg = Debug|Win32
		{737082DB-7E44-442C-99A3-4A3E1F6CAB92}.Debug Win32.Build.0 = Debug|Win32
		{737082DB-7E44-442C-99A3-4A3E1F6CAB92}.Debug Xbox.ActiveCfg = Debug|Win32
		{737082DB-7E44-442C-99A3-4A3E1F6CAB92}.Debug Xbox.Build.0 = Debug|Win32
		{737082DB-7E44-442C-99A3-4A3E1F6CAB92}.PS2 CDROM Win32.ActiveCfg = Release|Win32
		{737082DB-7E44-442C-99A3-4A3E1F6CAB92}.PS2 CDROM Win32.Build.0 = Release|Win32
		{737082DB-7E44-442C-99A3-4A3E1F6CAB92}.PS2 CDROM Xbox.ActiveCfg = Release|Win32
		{737082DB-7E44-442C-99A3-4A3E1F6CAB92}.PS2 CDROM Xbox.Build.0 = Release|Win32
		{737082DB-7E44-442C-99A3-4A3E1F6CAB92}.Release DX Win32.ActiveCfg = Release|Win32
		{737082DB-7E44-442C-99A3-4A3E1F6CAB92}.Release DX Win32.Build.0 = Release|Win32
		{737082DB-7E44-442C-99A3-4A3E1F6CAB92}.Release DX Xbox.ActiveCfg = Release|Win32
		{737082DB-7E44-442C-99A3-4A3E1F6CAB92}.Release DX Xbox.Build.0 = Release|Win32
		{737082DB-7E44-442C-99A3-4A3E1F6CAB92}.Release Win32.ActiveCfg = Release|Win32
		{737082DB-7E44-442C-99A3-4A3E1F6CAB92}.Release Win32.Build.0 = Release|Win32
		{737082DB-7E44-442C-99A3-4A3E1F6CAB92}.Release Xbox.ActiveCfg = Release|Win32
		{737082DB-7E44-442C-99A3-4A3E1F6CAB92}.Release Xbox.Build.0 = Release|Win32
		{737082DB-7E44-442C-99A3-4A3E1F6CAB92}.SN PS2 CDROM EENET Win32.ActiveCfg = Release|Win32
		{737082DB-7E44-442C-99A3-4A3E1F6CAB92}.SN PS2 CDROM EENET Win32.Build.0 = Release|Win32
		{737082DB-7E44-442C-99A3-4A3E1F6CAB92}.SN PS2 CDROM EENET Xbox.ActiveCfg = Release|Win32
		{737082DB-7E44-442C-99A3-4A3E1F6CAB92}.SN PS2 CDROM EENET Xbox.Build.0 = Release|Win32
		{737082DB-7E44-442C-99A3-4A3E1F6CAB92}.SN PS2 Debug Win32.ActiveCfg = Debug|Win32
		{737082DB-7E44-442C-99A3-4A3E1F6CAB92}.SN PS2 Debug Win32.Build.0 = Debug|Win32
		{737082DB-7E44-442C-99A3-4A3E1F6CAB92}.SN PS2 Debug Xbox.ActiveCfg = Debug|Win32
		{737082DB-7E44-442C-99A3-4A3E1F6CAB92}.SN PS2 Debug Xbox.Build.0 = Debug|Win32
		{737082DB-7E44-442C-99A3-4A3E1F6CAB92}.SN PS2 Release EENET Win32.ActiveCfg = Release|Win32
		{737082DB-7E44-442C-99A3-4A3E1F6CAB92}.SN PS2 Release EENET Win32.Build.0 = Release|Win32
		{737082DB-7E44-442C-99A3-4A3E1F6CAB92}.SN PS2 Release EENET Xbox.ActiveCfg = Release|Win32
		{737082DB-7E44-442C-99A3-4A3E1F6CAB92}.SN PS2 Release EENET Xbox.Build.0 = Release|Win32
		{737082DB-7E44-442C-99A3-4A3E1F6CAB92}.SN PS2 Release Win32.ActiveCfg = Release|Win32
		{737082DB-7E44-442C-99A3-4A3E1F6CAB92}.SN PS2 Release Win32.Build.0 = Release|Win32
		{737082DB-7E44-442C-99A3-4A3E1F6CAB92}.SN PS2 Release Xbox.ActiveCfg = Release|Win32
		{737082DB-7E44-442C-99A3-4A3E1F6CAB92}.SN PS2 Release Xbox.Build.0 = Release|Win32
		{737082DB-7E44-442C-99A3-4A3E1F6CAB92}.Tools Debug Win32.ActiveCfg = Debug|Win32
		{737082DB-7E44-442C-99A3-4A3E1F6CAB92}.Tools Debug Win32.Build.0 = Debug|Win32
		{737082DB-7E44-442C-99A3-4A3E1F6CAB92}.Tools Debug Xbox.ActiveCfg = Debug|Win32
		{737082DB-7E44-442C-99A3-4A3E1F6CAB92}.Tools Debug Xbox.Build.0 = Debug|Win32
		{737082DB-7E44-442C-99A3-4A3E1F6CAB92}.Tools Hybrid Win32.ActiveCfg = Release|Win32
		{737082DB-7E44-442C-99A3-4A3E1F6CAB92}.Tools Hybrid Win32.Build.0 = Release|Win32
		{737082DB-7E44-442C-99A3-4A3E1F6CAB92}.Tools Hybrid Xbox.ActiveCfg = Release|Win32
		{737082DB-7E44-442C-99A3-4A3E1F6CAB92}.Tools Hybrid Xbox.Build.0 = Release|Win32
		{737082DB-7E44-442C-99A3-4A3E1F6CAB92}.Tools Release Win32.ActiveCfg = Release|Win32
		{737082DB-7E44-442C-99A3-4A3E1F6CAB92}.Tools Release Win32.Build.0 = Release|Win32
		{737082DB-7E44-442C-99A3-4A3E1F6CAB92}.Tools Release Xbox.ActiveCfg = Release|Win32
		{737082DB-7E44-442C-99A3-4A3E1F6CAB92}.Tools Release Xbox.Build.0 = Release|Win32
		{737082DB-7E44-442C-99A3-4A3E1F6CAB92}.Viewer Debug Win32.ActiveCfg = Debug|Win32
		{737082DB-7E44-442C-99A3-4A3E1F6CAB92}.Viewer Debug Win32.Build.0 = Debug|Win32
		{737082DB-7E44-442C-99A3-4A3E1F6CAB92}.Viewer Debug Xbox.ActiveCfg = Debug|Win32
		{737082DB-7E44-442C-99A3-4A3E1F6CAB92}.Viewer Debug Xbox.Build.0 = Debug|Win32
		{737082DB-7E44-442C-99A3-4A3E1F6CAB92}.Viewer Release Win32.ActiveCfg = Release|Win32
		{737082DB-7E44-442C-99A3-4A3E1F6CAB92}.Viewer Release Win32.Build.0 = Release|Win32
		{737082DB-7E44-442C-99A3-4A3E1F6CAB92}.Viewer Release Xbox.ActiveCfg = Release|Win32
		{737082DB-7E44-442C-99A3-4A3E1F6CAB92}.Viewer Release Xbox.Build.0 = Release|Win32
		{737082DB-7E44-442C-99A3-4A3E1F6CAB92}.Xbox Debug Win32.ActiveCfg = Debug|Win32
		{737082DB-7E44-442C-99A3-4A3E1F6CAB92}.Xbox Debug Win32.Build.0 = Debug|Win32
		{737082DB-7E44-442C-99A3-4A3E1F6CAB92}.Xbox Debug Xbox.ActiveCfg = Debug|Win32
		{737082DB-7E44-442C-99A3-4A3E1F6CAB92}.Xbox Debug Xbox.Build.0 = Debug|Win32
		{737082DB-7E44-442C-99A3-4A3E1F6CAB92}.Xbox Release LTCG Win32.ActiveCfg = Release|Win32
		{737082DB-7E44-442C-99A3-4A3E1F6CAB92}.Xbox Release LTCG Win32.Build.0 = Release|Win32
		{737082DB-7E44-442C-99A3-4A3E1F6CAB92}.Xbox Release LTCG Xbox.ActiveCfg = Release|Win32
		{737082DB-7E44-442C-99A3-4A3E1F6CAB92}.Xbox Release LTCG Xbox.Build.0 = Release|Win32
		{737082DB-7E44-442C-99A3-4A3E1F6CAB92}.Xbox Release Profile Fastcap Win32.ActiveCfg = Release|Win32
		{737082DB-7E44-442C-99A3-4A3E1F6CAB92}.Xbox Release Profile Fastcap Win32.Build.0 = Release|Win32
		{737082DB-7E44-442C-99A3-4A3E1F6CAB92}.Xbox Release Profile Fastcap Xbox.ActiveCfg = Release|Win32
		{737082DB-7E44-442C-99A3-4A3E1F6CAB92}.Xbox Release Profile Fastcap Xbox.Build.0 = Release|Win32
		{737082DB-7E44-442C-99A3-4A3E1F6CAB92}.Xbox Release Profile Win32.ActiveCfg = Release|Win32
		{737082DB-7E44-442C-99A3-4A3E1F6CAB92}.Xbox Release Profile Win32.Build.0 = Release|Win32
		{737082DB-7E44-442C-99A3-4A3E1F6CAB92}.Xbox Release Profile Xbox.ActiveCfg = Release|Win32
		{737082DB-7E44-442C-99A3-4A3E1F6CAB92}.Xbox Release Profile Xbox.Build.0 = Release|Win32
		{737082DB-7E44-442C-99A3-4A3E1F6CAB92}.Xbox Release Win32.ActiveCfg = Release|Win32
		{737082DB-7E44-442C-99A3-4A3E1F6CAB92}.Xbox Release Win32.Build.0 = Release|Win32
		{737082DB-7E44-442C-99A3-4A3E1F6CAB92}.Xbox Release Xbox.ActiveCfg = Release|Win32
		{737082DB-7E44-442C-99A3-4A3E1F6CAB92}.Xbox Release Xbox.Build.0 = Release|Win32
		{155AD420-834A-475C-A7D7-8D61D5B09F42}.Debug DX Win32.ActiveCfg = DX Release|Xbox
		{155AD420-834A-475C-A7D7-8D61D5B09F42}.Debug DX Win32.Build.0 = DX Release|Xbox
		{155AD420-834A-475C-A7D7-8D61D5B09F42}.Debug DX Xbox.ActiveCfg = DX Release|Xbox
		{155AD420-834A-475C-A7D7-8D61D5B09F42}.Debug DX Xbox.Build.0 = DX Release|Xbox
		{155AD420-834A-475C-A7D7-8D61D5B09F42}.Debug Win32.ActiveCfg = Tools Debug|Win32
		{155AD420-834A-475C-A7D7-8D61D5B09F42}.Debug Win32.Build.0 = Tools Debug|Win32
		{155AD420-834A-475C-A7D7-8D61D5B09F42}.Debug Xbox.ActiveCfg = DX Debug|Xbox
		{155AD420-834A-475C-A7D7-8D61D5B09F42}.Debug Xbox.Build.0 = DX Debug|Xbox
		{155AD420-834A-475C-A7D7-8D61D5B09F42}.PS2 CDROM Win32.ActiveCfg = SN PS2 CDROM|Win32
		{155AD420-834A-475C-A7D7-8D61D5B09F42}.PS2 CDROM Win32.Build.0 = SN PS2 CDROM|Win32
		{155AD420-834A-475C-A7D7-8D61D5B09F42}.PS2 CDROM Xbox.ActiveCfg = SN PS2 CDROM|Xbox
		{155AD420-834A-475C-A7D7-8D61D5B09F42}.PS2 CDROM Xbox.Build.0 = SN PS2 CDROM|Xbox
		{155AD420-834A-475C-A7D7-8D61D5B09F42}.Release DX Win32.ActiveCfg = SN PS2 ConsumerBuild|Xbox
		{155AD420-834A-475C-A7D7-8D61D5B09F42}.Release DX Win32.Build.0 = SN PS2 ConsumerBuild|Xbox
		{155AD420-834A-475C-A7D7-8D61D5B09F42}.Release DX Xbox.ActiveCfg = SN PS2 ConsumerBuild|Xbox
		{155AD420-834A-475C-A7D7-8D61D5B09F42}.Release DX Xbox.Build.0 = SN PS2 ConsumerBuild|Xbox
		{155AD420-834A-475C-A7D7-8D61D5B09F42}.Release Win32.ActiveCfg = Tools Release|Win32
		{155AD420-834A-475C-A7D7-8D61D5B09F42}.Release Win32.Build.0 = Tools Release|Win32
		{155AD420-834A-475C-A7D7-8D61D5B09F42}.Release Xbox.ActiveCfg = DX Release|Xbox
		{155AD420-834A-475C-A7D7-8D61D5B09F42}.Release Xbox.Build.0 = DX Release|Xbox
		{155AD420-834A-475C-A7D7-8D61D5B09F42}.SN PS2 CDROM EENET Win32.ActiveCfg = SN PS2 CDROM|Xbox
		{155AD420-834A-475C-A7D7-8D61D5B09F42}.SN PS2 CDROM EENET Win32.Build.0 = SN PS2 CDROM|Xbox
		{155AD420-834A-475C-A7D7-8D61D5B09F42}.SN PS2 CDROM EENET Xbox.ActiveCfg = SN PS2 CDROM|Xbox
		{155AD420-834A-475C-A7D7-8D61D5B09F42}.SN PS2 CDROM EENET Xbox.Build.0 = SN PS2 CDROM|Xbox
		{155AD420-834A-475C-A7D7-8D61D5B09F42}.SN PS2 Debug Win32.ActiveCfg = SN PS2 Debug|Win32
		{155AD420-834A-475C-A7D7-8D61D5B09F42}.SN PS2 Debug Win32.Build.0 = SN PS2 Debug|Win32
		{155AD420-834A-475C-A7D7-8D61D5B09F42}.SN PS2 Debug Xbox.ActiveCfg = SN PS2 Debug|Xbox
		{155AD420-834A-475C-A7D7-8D61D5B09F42}.SN PS2 Debug Xbox.Build.0 = SN PS2 Debug|Xbox
		{155AD420-834A-475C-A7D7-8D61D5B09F42}.SN PS2 Release EENET Win32.ActiveCfg = SN PS2 Release|Xbox
		{155AD420-834A-475C-A7D7-8D61D5B09F42}.SN PS2 Release EENET Win32.Build.0 = SN PS2 Release|Xbox
		{155AD420-834A-475C-A7D7-8D61D5B09F42}.SN PS2 Release EENET Xbox.ActiveCfg = SN PS2 Release|Xbox
		{155AD420-834A-475C-A7D7-8D61D5B09F42}.SN PS2 Release EENET Xbox.Build.0 = SN PS2 Release|Xbox
		{155AD420-834A-475C-A7D7-8D61D5B09F42}.SN PS2 Release Win32.ActiveCfg = SN PS2 Release|Win32
		{155AD420-834A-475C-A7D7-8D61D5B09F42}.SN PS2 Release Win32.Build.0 = SN PS2 Release|Win32
		{155AD420-834A-475C-A7D7-8D61D5B09F42}.SN PS2 Release Xbox.ActiveCfg = SN PS2 Release|Xbox
		{155AD420-834A-475C-A7D7-8D61D5B09F42}.SN PS2 Release Xbox.Build.0 = SN PS2 Release|Xbox
		{155AD420-834A-475C-A7D7-8D61D5B09F42}.Tools Debug Win32.ActiveCfg = Tools Debug|Win32
		{155AD420-834A-475C-A7D7-8D61D5B09F42}.Tools Debug Win32.Build.0 = Tools Debug|Win32
		{155AD420-834A-475C-A7D7-8D61D5B09F42}.Tools Debug Xbox.ActiveCfg = Tools Debug|Xbox
		{155AD420-834A-475C-A7D7-8D61D5B09F42}.Tools Debug Xbox.Build.0 = Tools Debug|Xbox
		{155AD420-834A-475C-A7D7-8D61D5B09F42}.Tools Hybrid Win32.ActiveCfg = Tools Hybrid|Win32
		{155AD420-834A-475C-A7D7-8D61D5B09F42}.Tools Hybrid Win32.Build.0 = Tools Hybrid|Win32
		{155AD420-834A-475C-A7D7-8D61D5B09F42}.Tools Hybrid Xbox.ActiveCfg = Tools Hybrid|Xbox
		{155AD420-834A-475C-A7D7-8D61D5B09F42}.Tools Hybrid Xbox.Build.0 = Tools Hybrid|Xbox
		{155AD420-834A-475C-A7D7-8D61D5B09F42}.Tools Release Win32.ActiveCfg = Tools Release|Win32
		{155AD420-834A-475C-A7D7-8D61D5B09F42}.Tools Release Win32.Build.0 = Tools Release|Win32
		{155AD420-834A-475C-A7D7-8D61D5B09F42}.Tools Release Xbox.ActiveCfg = Tools Release|Xbox
		{155AD420-834A-475C-A7D7-8D61D5B09F42}.Tools Release Xbox.Build.0 = Tools Release|Xbox
		{155AD420-834A-475C-A7D7-8D61D5B09F42}.Viewer Debug Win32.ActiveCfg = SN PS2 ConsumerBuild|Xbox
		{155AD420-834A-475C-A7D7-8D61D5B09F42}.Viewer Debug Win32.Build.0 = SN PS2 ConsumerBuild|Xbox
		{155AD420-834A-475C-A7D7-8D61D5B09F42}.Viewer Debug Xbox.ActiveCfg = SN PS2 ConsumerBuild|Xbox
		{155AD420-834A-475C-A7D7-8D61D5B09F42}.Viewer Debug Xbox.Build.0 = SN PS2 ConsumerBuild|Xbox
		{155AD420-834A-475C-A7D7-8D61D5B09F42}.Viewer Release Win32.ActiveCfg = SN PS2 ConsumerBuild|Xbox
		{155AD420-834A-475C-A7D7-8D61D5B09F42}.Viewer Release Win32.Build.0 = SN PS2 ConsumerBuild|Xbox
		{155AD420-834A-475C-A7D7-8D61D5B09F42}.Viewer Release Xbox.ActiveCfg = SN PS2 ConsumerBuild|Xbox
		{155AD420-834A-475C-A7D7-8D61D5B09F42}.Viewer Release Xbox.Build.0 = SN PS2 ConsumerBuild|Xbox
		{155AD420-834A-475C-A7D7-8D61D5B09F42}.Xbox Debug Win32.ActiveCfg = Xbox Debug|Win32
		{155AD420-834A-475C-A7D7-8D61D5B09F42}.Xbox Debug Win32.Build.0 = Xbox Debug|Win32
		{155AD420-834A-475C-A7D7-8D61D5B09F42}.Xbox Debug Xbox.ActiveCfg = Xbox Debug|Xbox
		{155AD420-834A-475C-A7D7-8D61D5B09F42}.Xbox Debug Xbox.Build.0 = Xbox Debug|Xbox
		{155AD420-834A-475C-A7D7-8D61D5B09F42}.Xbox Release LTCG Win32.ActiveCfg = Xbox Release LTCG|Win32
		{155AD420-834A-475C-A7D7-8D61D5B09F42}.Xbox Release LTCG Win32.Build.0 = Xbox Release LTCG|Win32
		{155AD420-834A-475C-A7D7-8D61D5B09F42}.Xbox Release LTCG Xbox.ActiveCfg = Xbox Release LTCG|Xbox
		{155AD420-834A-475C-A7D7-8D61D5B09F42}.Xbox Release LTCG Xbox.Build.0 = Xbox Release LTCG|Xbox
		{155AD420-834A-475C-A7D7-8D61D5B09F42}.Xbox Release Profile Fastcap Win32.ActiveCfg = Xbox Release Profile Fastcap|Win32
		{155AD420-834A-475C-A7D7-8D61D5B09F42}.Xbox Release Profile Fastcap Win32.Build.0 = Xbox Release Profile Fastcap|Win32
		{155AD420-834A-475C-A7D7-8D61D5B09F42}.Xbox Release Profile Fastcap Xbox.ActiveCfg = Xbox Release Profile Fastcap|Xbox
		{155AD420-834A-475C-A7D7-8D61D5B09F42}.Xbox Release Profile Fastcap Xbox.Build.0 = Xbox Release Profile Fastcap|Xbox
		{155AD420-834A-475C-A7D7-8D61D5B09F42}.Xbox Release Profile Win32.ActiveCfg = Xbox Release Profile|Win32
		{155AD420-834A-475C-A7D7-8D61D5B09F42}.Xbox Release Profile Win32.Build.0 = Xbox Release Profile|Win32
		{155AD420-834A-475C-A7D7-8D61D5B09F42}.Xbox Release Profile Xbox.ActiveCfg = Xbox Release Profile|Xbox
		{155AD420-834A-475C-A7D7-8D61D5B09F42}.Xbox Release Profile Xbox.Build.0 = Xbox Release Profile|Xbox
		{155AD420-834A-475C-A7D7-8D61D5B09F42}.Xbox Release Win32.ActiveCfg = Xbox Release|Win32
		{155AD420-834A-475C-A7D7-8D61D5B09F42}.Xbox Release Win32.Build.0 = Xbox Release|Win32
		{155AD420-834A-475C-A7D7-8D61D5B09F42}.Xbox Release Xbox.ActiveCfg = Xbox Release|Xbox
		{155AD420-834A-475C-A7D7-8D61D5B09F42}.Xbox Release Xbox.Build.0 = Xbox Release|Xbox
		{FAF27AB7-B622-4B9C-B562-83AC0D28950D}.Debug DX Win32.ActiveCfg = DX Release|Xbox
		{FAF27AB7-B622-4B9C-B562-83AC0D28950D}.Debug DX Win32.Build.0 = DX Release|Xbox
		{FAF27AB7-B622-4B9C-B562-83AC0D28950D}.Debug DX Xbox.ActiveCfg = DX Release|Xbox
		{FAF27AB7-B622-4B9C-B562-83AC0D28950D}.Debug DX Xbox.Build.0 = DX Release|Xbox
		{FAF27AB7-B622-4B9C-B562-83AC0D28950D}.Debug Win32.ActiveCfg = Tools Debug|Win32
		{FAF27AB7-B622-4B9C-B562-83AC0D28950D}.Debug Win32.Build.0 = Tools Debug|Win32
		{FAF27AB7-B622-4B9C-B562-83AC0D28950D}.Debug Xbox.ActiveCfg = Viewer Debug|Xbox
		{FAF27AB7-B622-4B9C-B562-83AC0D28950D}.Debug Xbox.Build.0 = Viewer Debug|Xbox
		{FAF27AB7-B622-4B9C-B562-83AC0D28950D}.PS2 CDROM Win32.ActiveCfg = SN PS2 CDROM|Win32
		{FAF27AB7-B622-4B9C-B562-83AC0D28950D}.PS2 CDROM Win32.Build.0 = SN PS2 CDROM|Win32
		{FAF27AB7-B622-4B9C-B562-83AC0D28950D}.PS2 CDROM Xbox.ActiveCfg = SN PS2 CDROM|Xbox
		{FAF27AB7-B622-4B9C-B562-83AC0D28950D}.PS2 CDROM Xbox.Build.0 = SN PS2 CDROM|Xbox
		{FAF27AB7-B622-4B9C-B562-83AC0D28950D}.Release DX Win32.ActiveCfg = SN PS2 ConsumerBuild|Xbox
		{FAF27AB7-B622-4B9C-B562-83AC0D28950D}.Release DX Win32.Build.0 = SN PS2 ConsumerBuild|Xbox
		{FAF27AB7-B622-4B9C-B562-83AC0D28950D}.Release DX Xbox.ActiveCfg = SN PS2 ConsumerBuild|Xbox
		{FAF27AB7-B622-4B9C-B562-83AC0D28950D}.Release DX Xbox.Build.0 = SN PS2 ConsumerBuild|Xbox
		{FAF27AB7-B622-4B9C-B562-83AC0D28950D}.Release Win32.ActiveCfg = Tools Release|Win32
		{FAF27AB7-B622-4B9C-B562-83AC0D28950D}.Release Win32.Build.0 = Tools Release|Win32
		{FAF27AB7-B622-4B9C-B562-83AC0D28950D}.Release Xbox.ActiveCfg = Viewer Release|Xbox
		{FAF27AB7-B622-4B9C-B562-83AC0D28950D}.Release Xbox.Build.0 = Viewer Release|Xbox
		{FAF27AB7-B622-4B9C-B562-83AC0D28950D}.SN PS2 CDROM EENET Win32.ActiveCfg = SN PS2 CDROM|Xbox
		{FAF27AB7-B622-4B9C-B562-83AC0D28950D}.SN PS2 CDROM EENET Win32.Build.0 = SN PS2 CDROM|Xbox
		{FAF27AB7-B622-4B9C-B562-83AC0D28950D}.SN PS2 CDROM EENET Xbox.ActiveCfg = SN PS2 CDROM|Xbox
		{FAF27AB7-B622-4B9C-B562-83AC0D28950D}.SN PS2 CDROM EENET Xbox.Build.0 = SN PS2 CDROM|Xbox
		{FAF27AB7-B622-4B9C-B562-83AC0D28950D}.SN PS2 Debug Win32.ActiveCfg = SN PS2 Debug|Win32
		{FAF27AB7-B622-4B9C-B562-83AC0D28950D}.SN PS2 Debug Win32.Build.0 = SN PS2 Debug|Win32
		{FAF27AB7-B622-4B9C-B562-83AC0D28950D}.SN PS2 Debug Xbox.ActiveCfg = SN PS2 Debug|Xbox
		{FAF27AB7-B622-4B9C-B562-83AC0D28950D}.SN PS2 Debug Xbox.Build.0 = SN PS2 Debug|Xbox
		{FAF27AB7-B622-4B9C-B562-83AC0D28950D}.SN PS2 Release EENET Win32.ActiveCfg = SN PS2 Release|Xbox
		{FAF27AB7-B622-4B9C-B562-83AC0D28950D}.SN PS2 Release EENET Win32.Build.0 = SN PS2 Release|Xbox
		{FAF27AB7-B622-4B9C-B562-83AC0D28950D}.SN PS2 Release EENET Xbox.ActiveCfg = SN PS2 Release|Xbox
		{FAF27AB7-B622-4B9C-B562-83AC0D28950D}.SN PS2 Release EENET Xbox.Build.0 = SN PS2 Release|Xbox
		{FAF27AB7-B622-4B9C-B562-83AC0D28950D}.SN PS2 Release Win32.ActiveCfg = SN PS2 Release|Win32
		{FAF27AB7-B622-4B9C-B562-83AC0D28950D}.SN PS2 Release Win32.Build.0 = SN PS2 Release|Win32
		{FAF27AB7-B622-4B9C-B562-83AC0D28950D}.SN PS2 Release Xbox.ActiveCfg = SN PS2 Release|Xbox
		{FAF27AB7-B622-4B9C-B562-83AC0D28950D}.SN PS2 Release Xbox.Build.0 = SN PS2 Release|Xbox
		{FAF27AB7-B622-4B9C-B562-83AC0D28950D}.Tools Debug Win32.ActiveCfg = Tools Debug|Win32
		{FAF27AB7-B622-4B9C-B562-83AC0D28950D}.Tools Debug Win32.Build.0 = Tools Debug|Win32
		{FAF27AB7-B622-4B9C-B562-83AC0D28950D}.Tools Debug Xbox.ActiveCfg = Tools Debug|Xbox
		{FAF27AB7-B622-4B9C-B562-83AC0D28950D}.Tools Debug Xbox.Build.0 = Tools Debug|Xbox
		{FAF27AB7-B622-4B9C-B562-83AC0D28950D}.Tools Hybrid Win32.ActiveCfg = Tools Hybrid|Win32
		{FAF27AB7-B622-4B9C-B562-83AC0D28950D}.Tools Hybrid Win32.Build.0 = Tools Hybrid|Win32
		{FAF27AB7-B622-4B9C-B562-83AC0D28950D}.Tools Hybrid Xbox.ActiveCfg = Tools Hybrid|Xbox
		{FAF27AB7-B622-4B9C-B562-83AC0D28950D}.Tools Hybrid Xbox.Build.0 = Tools Hybrid|Xbox
		{FAF27AB7-B622-4B9C-B562-83AC0D28950D}.Tools Release Win32.ActiveCfg = Tools Release|Win32
		{FAF27AB7-B622-4B9C-B562-83AC0D28950D}.Tools Release Win32.Build.0 = Tools Release|Win32
		{FAF27AB7-B622-4B9C-B562-83AC0D28950D}.Tools Release Xbox.ActiveCfg = Tools Release|Xbox
		{FAF27AB7-B622-4B9C-B562-83AC0D28950D}.Tools Release Xbox.Build.0 = Tools Release|Xbox
		{FAF27AB7-B622-4B9C-B562-83AC0D28950D}.Viewer Debug Win32.ActiveCfg = Viewer Debug|Win32
		{FAF27AB7-B622-4B9C-B562-83AC0D28950D}.Viewer Debug Win32.Build.0 = Viewer Debug|Win32
		{FAF27AB7-B622-4B9C-B562-83AC0D28950D}.Viewer Debug Xbox.ActiveCfg = Viewer Debug|Xbox
		{FAF27AB7-B622-4B9C-B562-83AC0D28950D}.Viewer Debug Xbox.Build.0 = Viewer Debug|Xbox
		{FAF27AB7-B622-4B9C-B562-83AC0D28950D}.Viewer Release Win32.ActiveCfg = Viewer Release|Win32
		{FAF27AB7-B622-4B9C-B562-83AC0D28950D}.Viewer Release Win32.Build.0 = Viewer Release|Win32
		{FAF27AB7-B622-4B9C-B562-83AC0D28950D}.Viewer Release Xbox.ActiveCfg = Viewer Release|Xbox
		{FAF27AB7-B622-4B9C-B562-83AC0D28950D}.Viewer Release Xbox.Build.0 = Viewer Release|Xbox
		{FAF27AB7-B622-4B9C-B562-83AC0D28950D}.Xbox Debug Win32.ActiveCfg = Xbox Debug|Win32
		{FAF27AB7-B622-4B9C-B562-83AC0D28950D}.Xbox Debug Win32.Build.0 = Xbox Debug|Win32
		{FAF27AB7-B622-4B9C-B562-83AC0D28950D}.Xbox Debug Xbox.ActiveCfg = Xbox Debug|Xbox
		{FAF27AB7-B622-4B9C-B562-83AC0D28950D}.Xbox Debug Xbox.Build.0 = Xbox Debug|Xbox
		{FAF27AB7-B622-4B9C-B562-83AC0D28950D}.Xbox Release LTCG Win32.ActiveCfg = Xbox Release LTCG|Win32
		{FAF27AB7-B622-4B9C-B562-83AC0D28950D}.Xbox Release LTCG Win32.Build.0 = Xbox Release LTCG|Win32
		{FAF27AB7-B622-4B9C-B562-83AC0D28950D}.Xbox Release LTCG Xbox.ActiveCfg = Xbox Release LTCG|Xbox
		{FAF27AB7-B622-4B9C-B562-83AC0D28950D}.Xbox Release LTCG Xbox.Build.0 = Xbox Release LTCG|Xbox
		{FAF27AB7-B622-4B9C-B562-83AC0D28950D}.Xbox Release Profile Fastcap Win32.ActiveCfg = Xbox Release Profile Fastcap|Win32
		{FAF27AB7-B622-4B9C-B562-83AC0D28950D}.Xbox Release Profile Fastcap Win32.Build.0 = Xbox Release Profile Fastcap|Win32
		{FAF27AB7-B622-4B9C-B562-83AC0D28950D}.Xbox Release Profile Fastcap Xbox.ActiveCfg = Xbox Release Profile Fastcap|Xbox
		{FAF27AB7-B622-4B9C-B562-83AC0D28950D}.Xbox Release Profile Fastcap Xbox.Build.0 = Xbox Release Profile Fastcap|Xbox
		{FAF27AB7-B622-4B9C-B562-83AC0D28950D}.Xbox Release Profile Win32.ActiveCfg = Xbox Release Profile|Win32
		{FAF27AB7-B622-4B9C-B562-83AC0D28950D}.Xbox Release Profile Win32.Build.0 = Xbox Release Profile|Win32
		{FAF27AB7-B622-4B9C-B562-83AC0D28950D}.Xbox Release Profile Xbox.ActiveCfg = Xbox Release Profile|Xbox
		{FAF27AB7-B622-4B9C-B562-83AC0D28950D}.Xbox Release Profile Xbox.Build.0 = Xbox Release Profile|Xbox
		{FAF27AB7-B622-4B9C-B562-83AC0D28950D}.Xbox Release Win32.ActiveCfg = Xbox Release|Win32
		{FAF27AB7-B622-4B9C-B562-83AC0D28950D}.Xbox Release Win32.Build.0 = Xbox Release|Win32
		{FAF27AB7-B622-4B9C-B562-83AC0D28950D}.Xbox Release Xbox.ActiveCfg = Xbox Release|Xbox
		{FAF27AB7-B622-4B9C-B562-83AC0D28950D}.Xbox Release Xbox.Build.0 = Xbox Release|Xbox
	EndGlobalSection
	GlobalSection(SolutionItems) = postSolution
	EndGlobalSection
	GlobalSection(ExtensibilityGlobals) = postSolution
	EndGlobalSection
	GlobalSection(ExtensibilityAddIns) = postSolution
	EndGlobalSection
EndGlobal
