Microsoft Visual Studio Solution File, Format Version 8.00
Project("{8BC9CEB8-8B4A-11D0-8D11-00A0C91BC942}") = "Hog", "Hog.vcproj", "{7FB14EA5-80AF-41E7-A7A1-BF46F55B9D61}"
	ProjectSection(ProjectDependencies) = postProject
		{4A869769-E7A2-4383-A068-D7B0D1765889} = {4A869769-E7A2-4383-A068-D7B0D1765889}
		{6C36A4CA-1B71-4B7E-BE16-A5EE604815AF} = {6C36A4CA-1B71-4B7E-BE16-A5EE604815AF}
	EndProjectSection
EndProject
Project("{8BC9CEB8-8B4A-11D0-8D11-00A0C91BC942}") = "ToolHelper", "..\..\GameLib\ToolHelper\ToolHelper.vcproj", "{6C36A4CA-1B71-4B7E-BE16-A5EE604815AF}"
	ProjectSection(ProjectDependencies) = postProject
	EndProjectSection
EndProject
Project("{8BC9CEB8-8B4A-11D0-8D11-00A0C91BC942}") = "container", "..\..\GameLib\container\container.vcproj", "{4A869769-E7A2-4383-A068-D7B0D1765889}"
	ProjectSection(ProjectDependencies) = postProject
	EndProjectSection
EndProject
Global
	GlobalSection(SourceCodeControl) = preSolution
		SccNumberOfProjects = 4
		SccProjectUniqueName0 = ..\\..\\GameLib\\ToolHelper\\ToolHelper.vcproj
		SccProjectName0 = \u0022//depot/Avalanche/GameLib/ToolHelper\u0022
		SccLocalPath0 = ..\\..\\GameLib\\ToolHelper
		CanCheckoutShared = true
		SccProjectUniqueName1 = ..\\..\\GameLib\\container\\container.vcproj
		SccProjectName1 = \u0022//depot/Avalanche/GameLib/container\u0022
		SccLocalPath1 = ..\\..\\GameLib\\container
		CanCheckoutShared = true
		SccLocalPath2 = .
		CanCheckoutShared = true
		SolutionUniqueID = {3E8E2FC7-CAA0-42C0-A70E-62932D7302A7}
		SccProjectUniqueName3 = Hog.vcproj
		SccLocalPath3 = .
		CanCheckoutShared = true
	EndGlobalSection
	GlobalSection(SolutionConfiguration) = preSolution
		Debug DX Win32 = Debug DX Win32
		Debug DX Xbox = Debug DX Xbox
		Debug Win32 = Debug Win32
		Debug Xbox = Debug Xbox
		PS2 CDROM Win32 = PS2 CDROM Win32
		PS2 CDROM Xbox = PS2 CDROM Xbox
		Release DX Win32 = Release DX Win32
		Release DX Xbox = Release DX Xbox
		Release Win32 = Release Win32
		Release Xbox = Release Xbox
		SN PS2 CDROM EENET Win32 = SN PS2 CDROM EENET Win32
		SN PS2 CDROM EENET Xbox = SN PS2 CDROM EENET Xbox
		SN PS2 Debug Win32 = SN PS2 Debug Win32
		SN PS2 Debug Xbox = SN PS2 Debug Xbox
		SN PS2 Release EENET Win32 = SN PS2 Release EENET Win32
		SN PS2 Release EENET Xbox = SN PS2 Release EENET Xbox
		SN PS2 Release Win32 = SN PS2 Release Win32
		SN PS2 Release Xbox = SN PS2 Release Xbox
		Tools Debug Win32 = Tools Debug Win32
		Tools Debug Xbox = Tools Debug Xbox
		Tools Hybrid = Tools Hybrid
		Tools Release Win32 = Tools Release Win32
		Tools Release Xbox = Tools Release Xbox
		Xbox Debug Win32 = Xbox Debug Win32
		Xbox Debug Xbox = Xbox Debug Xbox
		Xbox Release LTCG DVD Win32 = Xbox Release LTCG DVD Win32
		Xbox Release LTCG DVD Xbox = Xbox Release LTCG DVD Xbox
		Xbox Release LTCG Win32 = Xbox Release LTCG Win32
		Xbox Release LTCG Xbox = Xbox Release LTCG Xbox
		Xbox Release Profile Fastcap Win32 = Xbox Release Profile Fastcap Win32
		Xbox Release Profile Fastcap Xbox = Xbox Release Profile Fastcap Xbox
		Xbox Release Profile Win32 = Xbox Release Profile Win32
		Xbox Release Profile Xbox = Xbox Release Profile Xbox
		Xbox Release Win32 = Xbox Release Win32
		Xbox Release Xbox = Xbox Release Xbox
	EndGlobalSection
	GlobalSection(ProjectConfiguration) = postSolution
		{7FB14EA5-80AF-41E7-A7A1-BF46F55B9D61}.Debug DX Win32.ActiveCfg = Debug|Win32
		{7FB14EA5-80AF-41E7-A7A1-BF46F55B9D61}.Debug DX Win32.Build.0 = Debug|Win32
		{7FB14EA5-80AF-41E7-A7A1-BF46F55B9D61}.Debug DX Xbox.ActiveCfg = Debug|Win32
		{7FB14EA5-80AF-41E7-A7A1-BF46F55B9D61}.Debug DX Xbox.Build.0 = Debug|Win32
		{7FB14EA5-80AF-41E7-A7A1-BF46F55B9D61}.Debug Win32.ActiveCfg = Debug|Win32
		{7FB14EA5-80AF-41E7-A7A1-BF46F55B9D61}.Debug Win32.Build.0 = Debug|Win32
		{7FB14EA5-80AF-41E7-A7A1-BF46F55B9D61}.Debug Xbox.ActiveCfg = Debug|Win32
		{7FB14EA5-80AF-41E7-A7A1-BF46F55B9D61}.Debug Xbox.Build.0 = Debug|Win32
		{7FB14EA5-80AF-41E7-A7A1-BF46F55B9D61}.PS2 CDROM Win32.ActiveCfg = Release|Win32
		{7FB14EA5-80AF-41E7-A7A1-BF46F55B9D61}.PS2 CDROM Win32.Build.0 = Release|Win32
		{7FB14EA5-80AF-41E7-A7A1-BF46F55B9D61}.PS2 CDROM Xbox.ActiveCfg = Release|Win32
		{7FB14EA5-80AF-41E7-A7A1-BF46F55B9D61}.PS2 CDROM Xbox.Build.0 = Release|Win32
		{7FB14EA5-80AF-41E7-A7A1-BF46F55B9D61}.Release DX Win32.ActiveCfg = Release|Win32
		{7FB14EA5-80AF-41E7-A7A1-BF46F55B9D61}.Release DX Win32.Build.0 = Release|Win32
		{7FB14EA5-80AF-41E7-A7A1-BF46F55B9D61}.Release DX Xbox.ActiveCfg = Release|Win32
		{7FB14EA5-80AF-41E7-A7A1-BF46F55B9D61}.Release DX Xbox.Build.0 = Release|Win32
		{7FB14EA5-80AF-41E7-A7A1-BF46F55B9D61}.Release Win32.ActiveCfg = Release|Win32
		{7FB14EA5-80AF-41E7-A7A1-BF46F55B9D61}.Release Win32.Build.0 = Release|Win32
		{7FB14EA5-80AF-41E7-A7A1-BF46F55B9D61}.Release Xbox.ActiveCfg = Release|Win32
		{7FB14EA5-80AF-41E7-A7A1-BF46F55B9D61}.Release Xbox.Build.0 = Release|Win32
		{7FB14EA5-80AF-41E7-A7A1-BF46F55B9D61}.SN PS2 CDROM EENET Win32.ActiveCfg = Release|Win32
		{7FB14EA5-80AF-41E7-A7A1-BF46F55B9D61}.SN PS2 CDROM EENET Win32.Build.0 = Release|Win32
		{7FB14EA5-80AF-41E7-A7A1-BF46F55B9D61}.SN PS2 CDROM EENET Xbox.ActiveCfg = Release|Win32
		{7FB14EA5-80AF-41E7-A7A1-BF46F55B9D61}.SN PS2 CDROM EENET Xbox.Build.0 = Release|Win32
		{7FB14EA5-80AF-41E7-A7A1-BF46F55B9D61}.SN PS2 Debug Win32.ActiveCfg = Debug|Win32
		{7FB14EA5-80AF-41E7-A7A1-BF46F55B9D61}.SN PS2 Debug Win32.Build.0 = Debug|Win32
		{7FB14EA5-80AF-41E7-A7A1-BF46F55B9D61}.SN PS2 Debug Xbox.ActiveCfg = Debug|Win32
		{7FB14EA5-80AF-41E7-A7A1-BF46F55B9D61}.SN PS2 Debug Xbox.Build.0 = Debug|Win32
		{7FB14EA5-80AF-41E7-A7A1-BF46F55B9D61}.SN PS2 Release EENET Win32.ActiveCfg = Release|Win32
		{7FB14EA5-80AF-41E7-A7A1-BF46F55B9D61}.SN PS2 Release EENET Win32.Build.0 = Release|Win32
		{7FB14EA5-80AF-41E7-A7A1-BF46F55B9D61}.SN PS2 Release EENET Xbox.ActiveCfg = Release|Win32
		{7FB14EA5-80AF-41E7-A7A1-BF46F55B9D61}.SN PS2 Release EENET Xbox.Build.0 = Release|Win32
		{7FB14EA5-80AF-41E7-A7A1-BF46F55B9D61}.SN PS2 Release Win32.ActiveCfg = Release|Win32
		{7FB14EA5-80AF-41E7-A7A1-BF46F55B9D61}.SN PS2 Release Win32.Build.0 = Release|Win32
		{7FB14EA5-80AF-41E7-A7A1-BF46F55B9D61}.SN PS2 Release Xbox.ActiveCfg = Release|Win32
		{7FB14EA5-80AF-41E7-A7A1-BF46F55B9D61}.SN PS2 Release Xbox.Build.0 = Release|Win32
		{7FB14EA5-80AF-41E7-A7A1-BF46F55B9D61}.Tools Debug Win32.ActiveCfg = Debug|Win32
		{7FB14EA5-80AF-41E7-A7A1-BF46F55B9D61}.Tools Debug Win32.Build.0 = Debug|Win32
		{7FB14EA5-80AF-41E7-A7A1-BF46F55B9D61}.Tools Debug Xbox.ActiveCfg = Debug|Win32
		{7FB14EA5-80AF-41E7-A7A1-BF46F55B9D61}.Tools Debug Xbox.Build.0 = Debug|Win32
		{7FB14EA5-80AF-41E7-A7A1-BF46F55B9D61}.Tools Hybrid.ActiveCfg = Release|Win32
		{7FB14EA5-80AF-41E7-A7A1-BF46F55B9D61}.Tools Hybrid.Build.0 = Release|Win32
		{7FB14EA5-80AF-41E7-A7A1-BF46F55B9D61}.Tools Release Win32.ActiveCfg = Release|Win32
		{7FB14EA5-80AF-41E7-A7A1-BF46F55B9D61}.Tools Release Win32.Build.0 = Release|Win32
		{7FB14EA5-80AF-41E7-A7A1-BF46F55B9D61}.Tools Release Xbox.ActiveCfg = Release|Win32
		{7FB14EA5-80AF-41E7-A7A1-BF46F55B9D61}.Tools Release Xbox.Build.0 = Release|Win32
		{7FB14EA5-80AF-41E7-A7A1-BF46F55B9D61}.Xbox Debug Win32.ActiveCfg = Debug|Win32
		{7FB14EA5-80AF-41E7-A7A1-BF46F55B9D61}.Xbox Debug Win32.Build.0 = Debug|Win32
		{7FB14EA5-80AF-41E7-A7A1-BF46F55B9D61}.Xbox Debug Xbox.ActiveCfg = Debug|Win32
		{7FB14EA5-80AF-41E7-A7A1-BF46F55B9D61}.Xbox Debug Xbox.Build.0 = Debug|Win32
		{7FB14EA5-80AF-41E7-A7A1-BF46F55B9D61}.Xbox Release LTCG DVD Win32.ActiveCfg = Release|Win32
		{7FB14EA5-80AF-41E7-A7A1-BF46F55B9D61}.Xbox Release LTCG DVD Win32.Build.0 = Release|Win32
		{7FB14EA5-80AF-41E7-A7A1-BF46F55B9D61}.Xbox Release LTCG DVD Xbox.ActiveCfg = Release|Win32
		{7FB14EA5-80AF-41E7-A7A1-BF46F55B9D61}.Xbox Release LTCG DVD Xbox.Build.0 = Release|Win32
		{7FB14EA5-80AF-41E7-A7A1-BF46F55B9D61}.Xbox Release LTCG Win32.ActiveCfg = Release|Win32
		{7FB14EA5-80AF-41E7-A7A1-BF46F55B9D61}.Xbox Release LTCG Win32.Build.0 = Release|Win32
		{7FB14EA5-80AF-41E7-A7A1-BF46F55B9D61}.Xbox Release LTCG Xbox.ActiveCfg = Release|Win32
		{7FB14EA5-80AF-41E7-A7A1-BF46F55B9D61}.Xbox Release LTCG Xbox.Build.0 = Release|Win32
		{7FB14EA5-80AF-41E7-A7A1-BF46F55B9D61}.Xbox Release Profile Fastcap Win32.ActiveCfg = Release|Win32
		{7FB14EA5-80AF-41E7-A7A1-BF46F55B9D61}.Xbox Release Profile Fastcap Win32.Build.0 = Release|Win32
		{7FB14EA5-80AF-41E7-A7A1-BF46F55B9D61}.Xbox Release Profile Fastcap Xbox.ActiveCfg = Release|Win32
		{7FB14EA5-80AF-41E7-A7A1-BF46F55B9D61}.Xbox Release Profile Fastcap Xbox.Build.0 = Release|Win32
		{7FB14EA5-80AF-41E7-A7A1-BF46F55B9D61}.Xbox Release Profile Win32.ActiveCfg = Release|Win32
		{7FB14EA5-80AF-41E7-A7A1-BF46F55B9D61}.Xbox Release Profile Win32.Build.0 = Release|Win32
		{7FB14EA5-80AF-41E7-A7A1-BF46F55B9D61}.Xbox Release Profile Xbox.ActiveCfg = Release|Win32
		{7FB14EA5-80AF-41E7-A7A1-BF46F55B9D61}.Xbox Release Profile Xbox.Build.0 = Release|Win32
		{7FB14EA5-80AF-41E7-A7A1-BF46F55B9D61}.Xbox Release Win32.ActiveCfg = Release|Win32
		{7FB14EA5-80AF-41E7-A7A1-BF46F55B9D61}.Xbox Release Win32.Build.0 = Release|Win32
		{7FB14EA5-80AF-41E7-A7A1-BF46F55B9D61}.Xbox Release Xbox.ActiveCfg = Release|Win32
		{7FB14EA5-80AF-41E7-A7A1-BF46F55B9D61}.Xbox Release Xbox.Build.0 = Release|Win32
		{6C36A4CA-1B71-4B7E-BE16-A5EE604815AF}.Debug DX Win32.ActiveCfg = Debug|Win32
		{6C36A4CA-1B71-4B7E-BE16-A5EE604815AF}.Debug DX Win32.Build.0 = Debug|Win32
		{6C36A4CA-1B71-4B7E-BE16-A5EE604815AF}.Debug DX Xbox.ActiveCfg = Debug|Win32
		{6C36A4CA-1B71-4B7E-BE16-A5EE604815AF}.Debug DX Xbox.Build.0 = Debug|Win32
		{6C36A4CA-1B71-4B7E-BE16-A5EE604815AF}.Debug Win32.ActiveCfg = Debug|Win32
		{6C36A4CA-1B71-4B7E-BE16-A5EE604815AF}.Debug Win32.Build.0 = Debug|Win32
		{6C36A4CA-1B71-4B7E-BE16-A5EE604815AF}.Debug Xbox.ActiveCfg = Debug|Win32
		{6C36A4CA-1B71-4B7E-BE16-A5EE604815AF}.Debug Xbox.Build.0 = Debug|Win32
		{6C36A4CA-1B71-4B7E-BE16-A5EE604815AF}.PS2 CDROM Win32.ActiveCfg = Tools Release|Win32
		{6C36A4CA-1B71-4B7E-BE16-A5EE604815AF}.PS2 CDROM Win32.Build.0 = Tools Release|Win32
		{6C36A4CA-1B71-4B7E-BE16-A5EE604815AF}.PS2 CDROM Xbox.ActiveCfg = Tools Release|Win32
		{6C36A4CA-1B71-4B7E-BE16-A5EE604815AF}.PS2 CDROM Xbox.Build.0 = Tools Release|Win32
		{6C36A4CA-1B71-4B7E-BE16-A5EE604815AF}.Release DX Win32.ActiveCfg = Release|Win32
		{6C36A4CA-1B71-4B7E-BE16-A5EE604815AF}.Release DX Win32.Build.0 = Release|Win32
		{6C36A4CA-1B71-4B7E-BE16-A5EE604815AF}.Release DX Xbox.ActiveCfg = Release|Win32
		{6C36A4CA-1B71-4B7E-BE16-A5EE604815AF}.Release DX Xbox.Build.0 = Release|Win32
		{6C36A4CA-1B71-4B7E-BE16-A5EE604815AF}.Release Win32.ActiveCfg = Release|Win32
		{6C36A4CA-1B71-4B7E-BE16-A5EE604815AF}.Release Win32.Build.0 = Release|Win32
		{6C36A4CA-1B71-4B7E-BE16-A5EE604815AF}.Release Xbox.ActiveCfg = Release|Win32
		{6C36A4CA-1B71-4B7E-BE16-A5EE604815AF}.Release Xbox.Build.0 = Release|Win32
		{6C36A4CA-1B71-4B7E-BE16-A5EE604815AF}.SN PS2 CDROM EENET Win32.ActiveCfg = Tools Release|Win32
		{6C36A4CA-1B71-4B7E-BE16-A5EE604815AF}.SN PS2 CDROM EENET Win32.Build.0 = Tools Release|Win32
		{6C36A4CA-1B71-4B7E-BE16-A5EE604815AF}.SN PS2 CDROM EENET Xbox.ActiveCfg = Tools Release|Win32
		{6C36A4CA-1B71-4B7E-BE16-A5EE604815AF}.SN PS2 CDROM EENET Xbox.Build.0 = Tools Release|Win32
		{6C36A4CA-1B71-4B7E-BE16-A5EE604815AF}.SN PS2 Debug Win32.ActiveCfg = Debug|Win32
		{6C36A4CA-1B71-4B7E-BE16-A5EE604815AF}.SN PS2 Debug Win32.Build.0 = Debug|Win32
		{6C36A4CA-1B71-4B7E-BE16-A5EE604815AF}.SN PS2 Debug Xbox.ActiveCfg = Debug|Win32
		{6C36A4CA-1B71-4B7E-BE16-A5EE604815AF}.SN PS2 Debug Xbox.Build.0 = Debug|Win32
		{6C36A4CA-1B71-4B7E-BE16-A5EE604815AF}.SN PS2 Release EENET Win32.ActiveCfg = Release|Win32
		{6C36A4CA-1B71-4B7E-BE16-A5EE604815AF}.SN PS2 Release EENET Win32.Build.0 = Release|Win32
		{6C36A4CA-1B71-4B7E-BE16-A5EE604815AF}.SN PS2 Release EENET Xbox.ActiveCfg = Release|Win32
		{6C36A4CA-1B71-4B7E-BE16-A5EE604815AF}.SN PS2 Release EENET Xbox.Build.0 = Release|Win32
		{6C36A4CA-1B71-4B7E-BE16-A5EE604815AF}.SN PS2 Release Win32.ActiveCfg = Release|Win32
		{6C36A4CA-1B71-4B7E-BE16-A5EE604815AF}.SN PS2 Release Win32.Build.0 = Release|Win32
		{6C36A4CA-1B71-4B7E-BE16-A5EE604815AF}.SN PS2 Release Xbox.ActiveCfg = Release|Win32
		{6C36A4CA-1B71-4B7E-BE16-A5EE604815AF}.SN PS2 Release Xbox.Build.0 = Release|Win32
		{6C36A4CA-1B71-4B7E-BE16-A5EE604815AF}.Tools Debug Win32.ActiveCfg = Tools Debug|Win32
		{6C36A4CA-1B71-4B7E-BE16-A5EE604815AF}.Tools Debug Win32.Build.0 = Tools Debug|Win32
		{6C36A4CA-1B71-4B7E-BE16-A5EE604815AF}.Tools Debug Xbox.ActiveCfg = Tools Debug|Win32
		{6C36A4CA-1B71-4B7E-BE16-A5EE604815AF}.Tools Debug Xbox.Build.0 = Tools Debug|Win32
		{6C36A4CA-1B71-4B7E-BE16-A5EE604815AF}.Tools Hybrid.ActiveCfg = Tools Hybrid|Win32
		{6C36A4CA-1B71-4B7E-BE16-A5EE604815AF}.Tools Hybrid.Build.0 = Tools Hybrid|Win32
		{6C36A4CA-1B71-4B7E-BE16-A5EE604815AF}.Tools Release Win32.ActiveCfg = Tools Release|Win32
		{6C36A4CA-1B71-4B7E-BE16-A5EE604815AF}.Tools Release Win32.Build.0 = Tools Release|Win32
		{6C36A4CA-1B71-4B7E-BE16-A5EE604815AF}.Tools Release Xbox.ActiveCfg = Tools Release|Win32
		{6C36A4CA-1B71-4B7E-BE16-A5EE604815AF}.Tools Release Xbox.Build.0 = Tools Release|Win32
		{6C36A4CA-1B71-4B7E-BE16-A5EE604815AF}.Xbox Debug Win32.ActiveCfg = Debug|Win32
		{6C36A4CA-1B71-4B7E-BE16-A5EE604815AF}.Xbox Debug Win32.Build.0 = Debug|Win32
		{6C36A4CA-1B71-4B7E-BE16-A5EE604815AF}.Xbox Debug Xbox.ActiveCfg = Debug|Win32
		{6C36A4CA-1B71-4B7E-BE16-A5EE604815AF}.Xbox Debug Xbox.Build.0 = Debug|Win32
		{6C36A4CA-1B71-4B7E-BE16-A5EE604815AF}.Xbox Release LTCG DVD Win32.ActiveCfg = Release|Win32
		{6C36A4CA-1B71-4B7E-BE16-A5EE604815AF}.Xbox Release LTCG DVD Win32.Build.0 = Release|Win32
		{6C36A4CA-1B71-4B7E-BE16-A5EE604815AF}.Xbox Release LTCG DVD Xbox.ActiveCfg = Release|Win32
		{6C36A4CA-1B71-4B7E-BE16-A5EE604815AF}.Xbox Release LTCG DVD Xbox.Build.0 = Release|Win32
		{6C36A4CA-1B71-4B7E-BE16-A5EE604815AF}.Xbox Release LTCG Win32.ActiveCfg = Release|Win32
		{6C36A4CA-1B71-4B7E-BE16-A5EE604815AF}.Xbox Release LTCG Win32.Build.0 = Release|Win32
		{6C36A4CA-1B71-4B7E-BE16-A5EE604815AF}.Xbox Release LTCG Xbox.ActiveCfg = Release|Win32
		{6C36A4CA-1B71-4B7E-BE16-A5EE604815AF}.Xbox Release LTCG Xbox.Build.0 = Release|Win32
		{6C36A4CA-1B71-4B7E-BE16-A5EE604815AF}.Xbox Release Profile Fastcap Win32.ActiveCfg = Release|Win32
		{6C36A4CA-1B71-4B7E-BE16-A5EE604815AF}.Xbox Release Profile Fastcap Win32.Build.0 = Release|Win32
		{6C36A4CA-1B71-4B7E-BE16-A5EE604815AF}.Xbox Release Profile Fastcap Xbox.ActiveCfg = Release|Win32
		{6C36A4CA-1B71-4B7E-BE16-A5EE604815AF}.Xbox Release Profile Fastcap Xbox.Build.0 = Release|Win32
		{6C36A4CA-1B71-4B7E-BE16-A5EE604815AF}.Xbox Release Profile Win32.ActiveCfg = Release|Win32
		{6C36A4CA-1B71-4B7E-BE16-A5EE604815AF}.Xbox Release Profile Win32.Build.0 = Release|Win32
		{6C36A4CA-1B71-4B7E-BE16-A5EE604815AF}.Xbox Release Profile Xbox.ActiveCfg = Release|Win32
		{6C36A4CA-1B71-4B7E-BE16-A5EE604815AF}.Xbox Release Profile Xbox.Build.0 = Release|Win32
		{6C36A4CA-1B71-4B7E-BE16-A5EE604815AF}.Xbox Release Win32.ActiveCfg = Release|Win32
		{6C36A4CA-1B71-4B7E-BE16-A5EE604815AF}.Xbox Release Win32.Build.0 = Release|Win32
		{6C36A4CA-1B71-4B7E-BE16-A5EE604815AF}.Xbox Release Xbox.ActiveCfg = Release|Win32
		{6C36A4CA-1B71-4B7E-BE16-A5EE604815AF}.Xbox Release Xbox.Build.0 = Release|Win32
		{4A869769-E7A2-4383-A068-D7B0D1765889}.Debug DX Win32.ActiveCfg = Debug DX|Win32
		{4A869769-E7A2-4383-A068-D7B0D1765889}.Debug DX Win32.Build.0 = Debug DX|Win32
		{4A869769-E7A2-4383-A068-D7B0D1765889}.Debug DX Xbox.ActiveCfg = Debug DX|Xbox
		{4A869769-E7A2-4383-A068-D7B0D1765889}.Debug DX Xbox.Build.0 = Debug DX|Xbox
		{4A869769-E7A2-4383-A068-D7B0D1765889}.Debug Win32.ActiveCfg = Debug|Win32
		{4A869769-E7A2-4383-A068-D7B0D1765889}.Debug Win32.Build.0 = Debug|Win32
		{4A869769-E7A2-4383-A068-D7B0D1765889}.Debug Xbox.ActiveCfg = Debug|Xbox
		{4A869769-E7A2-4383-A068-D7B0D1765889}.Debug Xbox.Build.0 = Debug|Xbox
		{4A869769-E7A2-4383-A068-D7B0D1765889}.PS2 CDROM Win32.ActiveCfg = PS2 CDROM|Win32
		{4A869769-E7A2-4383-A068-D7B0D1765889}.PS2 CDROM Win32.Build.0 = PS2 CDROM|Win32
		{4A869769-E7A2-4383-A068-D7B0D1765889}.PS2 CDROM Xbox.ActiveCfg = PS2 CDROM|Xbox
		{4A869769-E7A2-4383-A068-D7B0D1765889}.PS2 CDROM Xbox.Build.0 = PS2 CDROM|Xbox
		{4A869769-E7A2-4383-A068-D7B0D1765889}.Release DX Win32.ActiveCfg = Release DX|Win32
		{4A869769-E7A2-4383-A068-D7B0D1765889}.Release DX Win32.Build.0 = Release DX|Win32
		{4A869769-E7A2-4383-A068-D7B0D1765889}.Release DX Xbox.ActiveCfg = Release DX|Xbox
		{4A869769-E7A2-4383-A068-D7B0D1765889}.Release DX Xbox.Build.0 = Release DX|Xbox
		{4A869769-E7A2-4383-A068-D7B0D1765889}.Release Win32.ActiveCfg = Release|Win32
		{4A869769-E7A2-4383-A068-D7B0D1765889}.Release Win32.Build.0 = Release|Win32
		{4A869769-E7A2-4383-A068-D7B0D1765889}.Release Xbox.ActiveCfg = Release|Xbox
		{4A869769-E7A2-4383-A068-D7B0D1765889}.Release Xbox.Build.0 = Release|Xbox
		{4A869769-E7A2-4383-A068-D7B0D1765889}.SN PS2 CDROM EENET Win32.ActiveCfg = SN PS2 CDROM EENET|Win32
		{4A869769-E7A2-4383-A068-D7B0D1765889}.SN PS2 CDROM EENET Win32.Build.0 = SN PS2 CDROM EENET|Win32
		{4A869769-E7A2-4383-A068-D7B0D1765889}.SN PS2 CDROM EENET Xbox.ActiveCfg = SN PS2 CDROM EENET|Xbox
		{4A869769-E7A2-4383-A068-D7B0D1765889}.SN PS2 CDROM EENET Xbox.Build.0 = SN PS2 CDROM EENET|Xbox
		{4A869769-E7A2-4383-A068-D7B0D1765889}.SN PS2 Debug Win32.ActiveCfg = SN PS2 Debug|Win32
		{4A869769-E7A2-4383-A068-D7B0D1765889}.SN PS2 Debug Win32.Build.0 = SN PS2 Debug|Win32
		{4A869769-E7A2-4383-A068-D7B0D1765889}.SN PS2 Debug Xbox.ActiveCfg = SN PS2 Debug|Xbox
		{4A869769-E7A2-4383-A068-D7B0D1765889}.SN PS2 Debug Xbox.Build.0 = SN PS2 Debug|Xbox
		{4A869769-E7A2-4383-A068-D7B0D1765889}.SN PS2 Release EENET Win32.ActiveCfg = SN PS2 Release EENET|Win32
		{4A869769-E7A2-4383-A068-D7B0D1765889}.SN PS2 Release EENET Win32.Build.0 = SN PS2 Release EENET|Win32
		{4A869769-E7A2-4383-A068-D7B0D1765889}.SN PS2 Release EENET Xbox.ActiveCfg = SN PS2 Release EENET|Xbox
		{4A869769-E7A2-4383-A068-D7B0D1765889}.SN PS2 Release EENET Xbox.Build.0 = SN PS2 Release EENET|Xbox
		{4A869769-E7A2-4383-A068-D7B0D1765889}.SN PS2 Release Win32.ActiveCfg = SN PS2 Release|Win32
		{4A869769-E7A2-4383-A068-D7B0D1765889}.SN PS2 Release Win32.Build.0 = SN PS2 Release|Win32
		{4A869769-E7A2-4383-A068-D7B0D1765889}.SN PS2 Release Xbox.ActiveCfg = SN PS2 Release|Xbox
		{4A869769-E7A2-4383-A068-D7B0D1765889}.SN PS2 Release Xbox.Build.0 = SN PS2 Release|Xbox
		{4A869769-E7A2-4383-A068-D7B0D1765889}.Tools Debug Win32.ActiveCfg = Tools Debug|Win32
		{4A869769-E7A2-4383-A068-D7B0D1765889}.Tools Debug Win32.Build.0 = Tools Debug|Win32
		{4A869769-E7A2-4383-A068-D7B0D1765889}.Tools Debug Xbox.ActiveCfg = Tools Debug|Xbox
		{4A869769-E7A2-4383-A068-D7B0D1765889}.Tools Debug Xbox.Build.0 = Tools Debug|Xbox
		{4A869769-E7A2-4383-A068-D7B0D1765889}.Tools Hybrid.ActiveCfg = Tools Release|Xbox
		{4A869769-E7A2-4383-A068-D7B0D1765889}.Tools Hybrid.Build.0 = Tools Release|Xbox
		{4A869769-E7A2-4383-A068-D7B0D1765889}.Tools Release Win32.ActiveCfg = Tools Release|Win32
		{4A869769-E7A2-4383-A068-D7B0D1765889}.Tools Release Win32.Build.0 = Tools Release|Win32
		{4A869769-E7A2-4383-A068-D7B0D1765889}.Tools Release Xbox.ActiveCfg = Tools Release|Xbox
		{4A869769-E7A2-4383-A068-D7B0D1765889}.Tools Release Xbox.Build.0 = Tools Release|Xbox
		{4A869769-E7A2-4383-A068-D7B0D1765889}.Xbox Debug Win32.ActiveCfg = Xbox Debug|Win32
		{4A869769-E7A2-4383-A068-D7B0D1765889}.Xbox Debug Win32.Build.0 = Xbox Debug|Win32
		{4A869769-E7A2-4383-A068-D7B0D1765889}.Xbox Debug Xbox.ActiveCfg = Xbox Debug|Xbox
		{4A869769-E7A2-4383-A068-D7B0D1765889}.Xbox Debug Xbox.Build.0 = Xbox Debug|Xbox
		{4A869769-E7A2-4383-A068-D7B0D1765889}.Xbox Release LTCG DVD Win32.ActiveCfg = Xbox Release LTCG DVD|Win32
		{4A869769-E7A2-4383-A068-D7B0D1765889}.Xbox Release LTCG DVD Win32.Build.0 = Xbox Release LTCG DVD|Win32
		{4A869769-E7A2-4383-A068-D7B0D1765889}.Xbox Release LTCG DVD Xbox.ActiveCfg = Xbox Release LTCG DVD|Xbox
		{4A869769-E7A2-4383-A068-D7B0D1765889}.Xbox Release LTCG DVD Xbox.Build.0 = Xbox Release LTCG DVD|Xbox
		{4A869769-E7A2-4383-A068-D7B0D1765889}.Xbox Release LTCG Win32.ActiveCfg = Xbox Release LTCG|Win32
		{4A869769-E7A2-4383-A068-D7B0D1765889}.Xbox Release LTCG Win32.Build.0 = Xbox Release LTCG|Win32
		{4A869769-E7A2-4383-A068-D7B0D1765889}.Xbox Release LTCG Xbox.ActiveCfg = Xbox Release LTCG|Xbox
		{4A869769-E7A2-4383-A068-D7B0D1765889}.Xbox Release LTCG Xbox.Build.0 = Xbox Release LTCG|Xbox
		{4A869769-E7A2-4383-A068-D7B0D1765889}.Xbox Release Profile Fastcap Win32.ActiveCfg = Xbox Release Profile Fastcap|Win32
		{4A869769-E7A2-4383-A068-D7B0D1765889}.Xbox Release Profile Fastcap Win32.Build.0 = Xbox Release Profile Fastcap|Win32
		{4A869769-E7A2-4383-A068-D7B0D1765889}.Xbox Release Profile Fastcap Xbox.ActiveCfg = Xbox Release Profile Fastcap|Xbox
		{4A869769-E7A2-4383-A068-D7B0D1765889}.Xbox Release Profile Fastcap Xbox.Build.0 = Xbox Release Profile Fastcap|Xbox
		{4A869769-E7A2-4383-A068-D7B0D1765889}.Xbox Release Profile Win32.ActiveCfg = Xbox Release Profile|Win32
		{4A869769-E7A2-4383-A068-D7B0D1765889}.Xbox Release Profile Win32.Build.0 = Xbox Release Profile|Win32
		{4A869769-E7A2-4383-A068-D7B0D1765889}.Xbox Release Profile Xbox.ActiveCfg = Xbox Release Profile|Xbox
		{4A869769-E7A2-4383-A068-D7B0D1765889}.Xbox Release Profile Xbox.Build.0 = Xbox Release Profile|Xbox
		{4A869769-E7A2-4383-A068-D7B0D1765889}.Xbox Release Win32.ActiveCfg = Xbox Release|Win32
		{4A869769-E7A2-4383-A068-D7B0D1765889}.Xbox Release Win32.Build.0 = Xbox Release|Win32
		{4A869769-E7A2-4383-A068-D7B0D1765889}.Xbox Release Xbox.ActiveCfg = Xbox Release|Xbox
		{4A869769-E7A2-4383-A068-D7B0D1765889}.Xbox Release Xbox.Build.0 = Xbox Release|Xbox
	EndGlobalSection
	GlobalSection(ExtensibilityGlobals) = postSolution
	EndGlobalSection
	GlobalSection(ExtensibilityAddIns) = postSolution
	EndGlobalSection
EndGlobal
