Microsoft Visual Studio Solution File, Format Version 8.00
Project("{8BC9CEB8-8B4A-11D0-8D11-00A0C91BC942}") = "Toolsmith", "..\Toolsmith\Toolsmith.vcproj", "{3437E992-E728-46FA-AEE5-FD5422D88DF3}"
	ProjectSection(ProjectDependencies) = postProject
	EndProjectSection
EndProject
Project("{8BC9CEB8-8B4A-11D0-8D11-00A0C91BC942}") = "font", "font.vcproj", "{6E66B87C-F3F1-4D73-8839-60FC1F3011FA}"
	ProjectSection(ProjectDependencies) = postProject
		{3437E992-E728-46FA-AEE5-FD5422D88DF3} = {3437E992-E728-46FA-AEE5-FD5422D88DF3}
		{737082DB-7E44-442C-99A3-4A3E1F6CAB92} = {737082DB-7E44-442C-99A3-4A3E1F6CAB92}
	EndProjectSection
EndProject
Project("{8BC9CEB8-8B4A-11D0-8D11-00A0C91BC942}") = "libwin32", "..\libwin32\libwin32.vcproj", "{737082DB-7E44-442C-99A3-4A3E1F6CAB92}"
	ProjectSection(ProjectDependencies) = postProject
	EndProjectSection
EndProject
Global
	GlobalSection(SourceCodeControl) = preSolution
		SccNumberOfProjects = 4
		SccProjectName0 = \u0022//depot/Avalanche/Tools/fontrip\u0022
		SccLocalPath0 = .
		SccProvider0 = MSSCCI:Perforce\u0020SCM
		CanCheckoutShared = true
		SolutionUniqueID = {AAF23DF7-CB41-45B3-B208-D8E408B8182F}
		SccProjectUniqueName1 = ..\\Toolsmith\\Toolsmith.vcproj
		SccProjectName1 = \u0022//depot/Avalanche/Tools/Toolsmith\u0022
		SccLocalPath1 = ..\\Toolsmith
		CanCheckoutShared = true
		SccProjectUniqueName2 = font.vcproj
		SccLocalPath2 = .
		CanCheckoutShared = true
		SccProjectUniqueName3 = ..\\libwin32\\libwin32.vcproj
		SccProjectName3 = \u0022//depot/Avalanche/Tools\u0022
		SccLocalPath3 = ..
		CanCheckoutShared = true
		SccProjectFilePathRelativizedFromConnection3 = libwin32\\
	EndGlobalSection
	GlobalSection(SolutionConfiguration) = preSolution
		Debug = Debug
		Release = Release
	EndGlobalSection
	GlobalSection(ProjectConfiguration) = postSolution
		{3437E992-E728-46FA-AEE5-FD5422D88DF3}.Debug.ActiveCfg = Debug|Win32
		{3437E992-E728-46FA-AEE5-FD5422D88DF3}.Debug.Build.0 = Debug|Win32
		{3437E992-E728-46FA-AEE5-FD5422D88DF3}.Release.ActiveCfg = Release|Win32
		{3437E992-E728-46FA-AEE5-FD5422D88DF3}.Release.Build.0 = Release|Win32
		{6E66B87C-F3F1-4D73-8839-60FC1F3011FA}.Debug.ActiveCfg = Debug|Win32
		{6E66B87C-F3F1-4D73-8839-60FC1F3011FA}.Debug.Build.0 = Debug|Win32
		{6E66B87C-F3F1-4D73-8839-60FC1F3011FA}.Release.ActiveCfg = Release|Win32
		{6E66B87C-F3F1-4D73-8839-60FC1F3011FA}.Release.Build.0 = Release|Win32
		{737082DB-7E44-442C-99A3-4A3E1F6CAB92}.Debug.ActiveCfg = Debug|Win32
		{737082DB-7E44-442C-99A3-4A3E1F6CAB92}.Debug.Build.0 = Debug|Win32
		{737082DB-7E44-442C-99A3-4A3E1F6CAB92}.Release.ActiveCfg = Release|Win32
		{737082DB-7E44-442C-99A3-4A3E1F6CAB92}.Release.Build.0 = Release|Win32
	EndGlobalSection
	GlobalSection(ExtensibilityGlobals) = postSolution
	EndGlobalSection
	GlobalSection(ExtensibilityAddIns) = postSolution
	EndGlobalSection
EndGlobal
