Microsoft Visual Studio Solution File, Format Version 8.00
Project("{8BC9CEB8-8B4A-11D0-8D11-00A0C91BC942}") = "Snipe", "Snipe\Snipe.vcproj", "{010FF9F2-D0F8-4E34-A6DE-F2B58D9B1AA0}"
	ProjectSection(ProjectDependencies) = postProject
		{401DA32A-BAA4-421D-ADD3-B2D0F15FC6FF} = {401DA32A-BAA4-421D-ADD3-B2D0F15FC6FF}
		{4C6F5399-2009-4AF1-8834-006C6DE2BE3F} = {4C6F5399-2009-4AF1-8834-006C6DE2BE3F}
		{5D9B56CC-59B9-4B44-B2AD-329FD3E11187} = {5D9B56CC-59B9-4B44-B2AD-329FD3E11187}
	EndProjectSection
EndProject
Project("{8BC9CEB8-8B4A-11D0-8D11-00A0C91BC942}") = "profuisdll", "Prof-UIS-2251\ProfUISDLL\profuisdll_710.vcproj", "{4C6F5399-2009-4AF1-8834-006C6DE2BE3F}"
	ProjectSection(ProjectDependencies) = postProject
	EndProjectSection
EndProject
Project("{8BC9CEB8-8B4A-11D0-8D11-00A0C91BC942}") = "freetype", "FreeType\builds\win32\visualc\freetype.vcproj", "{401DA32A-BAA4-421D-ADD3-B2D0F15FC6FF}"
	ProjectSection(ProjectDependencies) = postProject
	EndProjectSection
EndProject
Project("{8BC9CEB8-8B4A-11D0-8D11-00A0C91BC942}") = "Utility", "Utility\Utility.vcproj", "{5D9B56CC-59B9-4B44-B2AD-329FD3E11187}"
	ProjectSection(ProjectDependencies) = postProject
	EndProjectSection
EndProject
Global
	GlobalSection(SourceCodeControl) = preSolution
		SccNumberOfProjects = 5
		SccLocalPath0 = .
		CanCheckoutShared = true
		SolutionUniqueID = {CC03293B-FED2-4F07-8911-AB36F131381D}
		SccProjectUniqueName1 = Snipe\\Snipe.vcproj
		SccProjectName1 = \u0022//depot/Avalanche/Tools/Snipe\u0022
		SccLocalPath1 = Snipe
		CanCheckoutShared = true
		SccProjectUniqueName2 = Prof-UIS-2251\\ProfUISDLL\\profuisdll_710.vcproj
		SccProjectName2 = \u0022//depot/Avalanche/Tools/Prof-UIS-2251/ProfUISDLL\u0022
		SccLocalPath2 = Prof-UIS-2251\\ProfUISDLL
		CanCheckoutShared = true
		SccProjectUniqueName3 = FreeType\\builds\\win32\\visualc\\freetype.vcproj
		SccProjectName3 = \u0022//depot/Avalanche/Tools/FreeType/builds/win32/visualc\u0022
		SccLocalPath3 = FreeType\\builds\\win32\\visualc
		CanCheckoutShared = true
		SccProjectUniqueName4 = Utility\\Utility.vcproj
		SccProjectName4 = \u0022//depot/Avalanche/Tools/Utility\u0022
		SccLocalPath4 = Utility
		CanCheckoutShared = true
	EndGlobalSection
	GlobalSection(SolutionConfiguration) = preSolution
		ANSI Debug = ANSI Debug
		ANSI Debug RDE = ANSI Debug RDE
		ANSI Release = ANSI Release
		ANSI Release RDE = ANSI Release RDE
		Debug = Debug
		Debug Multithreaded = Debug Multithreaded
		Debug Singlethreaded = Debug Singlethreaded
		MBCS Debug = MBCS Debug
		MBCS Debug RDE = MBCS Debug RDE
		MBCS Release = MBCS Release
		MBCS Release RDE = MBCS Release RDE
		Release = Release
		Release Multithreaded = Release Multithreaded
		Release Singlethreaded = Release Singlethreaded
		Unicode Debug = Unicode Debug
		Unicode Debug RDE = Unicode Debug RDE
		Unicode Release = Unicode Release
		Unicode Release RDE = Unicode Release RDE
	EndGlobalSection
	GlobalSection(ProjectConfiguration) = postSolution
		{010FF9F2-D0F8-4E34-A6DE-F2B58D9B1AA0}.ANSI Debug.ActiveCfg = Debug|Win32
		{010FF9F2-D0F8-4E34-A6DE-F2B58D9B1AA0}.ANSI Debug.Build.0 = Debug|Win32
		{010FF9F2-D0F8-4E34-A6DE-F2B58D9B1AA0}.ANSI Debug RDE.ActiveCfg = Debug|Win32
		{010FF9F2-D0F8-4E34-A6DE-F2B58D9B1AA0}.ANSI Debug RDE.Build.0 = Debug|Win32
		{010FF9F2-D0F8-4E34-A6DE-F2B58D9B1AA0}.ANSI Release.ActiveCfg = Release|Win32
		{010FF9F2-D0F8-4E34-A6DE-F2B58D9B1AA0}.ANSI Release.Build.0 = Release|Win32
		{010FF9F2-D0F8-4E34-A6DE-F2B58D9B1AA0}.ANSI Release RDE.ActiveCfg = Release|Win32
		{010FF9F2-D0F8-4E34-A6DE-F2B58D9B1AA0}.ANSI Release RDE.Build.0 = Release|Win32
		{010FF9F2-D0F8-4E34-A6DE-F2B58D9B1AA0}.Debug.ActiveCfg = Debug|Win32
		{010FF9F2-D0F8-4E34-A6DE-F2B58D9B1AA0}.Debug.Build.0 = Debug|Win32
		{010FF9F2-D0F8-4E34-A6DE-F2B58D9B1AA0}.Debug Multithreaded.ActiveCfg = Debug|Win32
		{010FF9F2-D0F8-4E34-A6DE-F2B58D9B1AA0}.Debug Multithreaded.Build.0 = Debug|Win32
		{010FF9F2-D0F8-4E34-A6DE-F2B58D9B1AA0}.Debug Singlethreaded.ActiveCfg = Debug|Win32
		{010FF9F2-D0F8-4E34-A6DE-F2B58D9B1AA0}.Debug Singlethreaded.Build.0 = Debug|Win32
		{010FF9F2-D0F8-4E34-A6DE-F2B58D9B1AA0}.MBCS Debug.ActiveCfg = Debug|Win32
		{010FF9F2-D0F8-4E34-A6DE-F2B58D9B1AA0}.MBCS Debug.Build.0 = Debug|Win32
		{010FF9F2-D0F8-4E34-A6DE-F2B58D9B1AA0}.MBCS Debug RDE.ActiveCfg = Debug|Win32
		{010FF9F2-D0F8-4E34-A6DE-F2B58D9B1AA0}.MBCS Debug RDE.Build.0 = Debug|Win32
		{010FF9F2-D0F8-4E34-A6DE-F2B58D9B1AA0}.MBCS Release.ActiveCfg = Release|Win32
		{010FF9F2-D0F8-4E34-A6DE-F2B58D9B1AA0}.MBCS Release.Build.0 = Release|Win32
		{010FF9F2-D0F8-4E34-A6DE-F2B58D9B1AA0}.MBCS Release RDE.ActiveCfg = Release|Win32
		{010FF9F2-D0F8-4E34-A6DE-F2B58D9B1AA0}.MBCS Release RDE.Build.0 = Release|Win32
		{010FF9F2-D0F8-4E34-A6DE-F2B58D9B1AA0}.Release.ActiveCfg = Release|Win32
		{010FF9F2-D0F8-4E34-A6DE-F2B58D9B1AA0}.Release.Build.0 = Release|Win32
		{010FF9F2-D0F8-4E34-A6DE-F2B58D9B1AA0}.Release Multithreaded.ActiveCfg = Release|Win32
		{010FF9F2-D0F8-4E34-A6DE-F2B58D9B1AA0}.Release Multithreaded.Build.0 = Release|Win32
		{010FF9F2-D0F8-4E34-A6DE-F2B58D9B1AA0}.Release Singlethreaded.ActiveCfg = Release|Win32
		{010FF9F2-D0F8-4E34-A6DE-F2B58D9B1AA0}.Release Singlethreaded.Build.0 = Release|Win32
		{010FF9F2-D0F8-4E34-A6DE-F2B58D9B1AA0}.Unicode Debug.ActiveCfg = Unicode Debug|Win32
		{010FF9F2-D0F8-4E34-A6DE-F2B58D9B1AA0}.Unicode Debug.Build.0 = Unicode Debug|Win32
		{010FF9F2-D0F8-4E34-A6DE-F2B58D9B1AA0}.Unicode Debug RDE.ActiveCfg = Unicode Debug|Win32
		{010FF9F2-D0F8-4E34-A6DE-F2B58D9B1AA0}.Unicode Debug RDE.Build.0 = Unicode Debug|Win32
		{010FF9F2-D0F8-4E34-A6DE-F2B58D9B1AA0}.Unicode Release.ActiveCfg = Unicode Release|Win32
		{010FF9F2-D0F8-4E34-A6DE-F2B58D9B1AA0}.Unicode Release.Build.0 = Unicode Release|Win32
		{010FF9F2-D0F8-4E34-A6DE-F2B58D9B1AA0}.Unicode Release RDE.ActiveCfg = Unicode Release|Win32
		{010FF9F2-D0F8-4E34-A6DE-F2B58D9B1AA0}.Unicode Release RDE.Build.0 = Unicode Release|Win32
		{4C6F5399-2009-4AF1-8834-006C6DE2BE3F}.ANSI Debug.ActiveCfg = ANSI Debug|Win32
		{4C6F5399-2009-4AF1-8834-006C6DE2BE3F}.ANSI Debug.Build.0 = ANSI Debug|Win32
		{4C6F5399-2009-4AF1-8834-006C6DE2BE3F}.ANSI Debug RDE.ActiveCfg = ANSI Debug RDE|Win32
		{4C6F5399-2009-4AF1-8834-006C6DE2BE3F}.ANSI Debug RDE.Build.0 = ANSI Debug RDE|Win32
		{4C6F5399-2009-4AF1-8834-006C6DE2BE3F}.ANSI Release.ActiveCfg = ANSI Release|Win32
		{4C6F5399-2009-4AF1-8834-006C6DE2BE3F}.ANSI Release.Build.0 = ANSI Release|Win32
		{4C6F5399-2009-4AF1-8834-006C6DE2BE3F}.ANSI Release RDE.ActiveCfg = ANSI Release RDE|Win32
		{4C6F5399-2009-4AF1-8834-006C6DE2BE3F}.ANSI Release RDE.Build.0 = ANSI Release RDE|Win32
		{4C6F5399-2009-4AF1-8834-006C6DE2BE3F}.Debug.ActiveCfg = Unicode Debug RDE|Win32
		{4C6F5399-2009-4AF1-8834-006C6DE2BE3F}.Debug.Build.0 = Unicode Debug RDE|Win32
		{4C6F5399-2009-4AF1-8834-006C6DE2BE3F}.Debug Multithreaded.ActiveCfg = Unicode Release RDE|Win32
		{4C6F5399-2009-4AF1-8834-006C6DE2BE3F}.Debug Multithreaded.Build.0 = Unicode Release RDE|Win32
		{4C6F5399-2009-4AF1-8834-006C6DE2BE3F}.Debug Singlethreaded.ActiveCfg = Unicode Release RDE|Win32
		{4C6F5399-2009-4AF1-8834-006C6DE2BE3F}.Debug Singlethreaded.Build.0 = Unicode Release RDE|Win32
		{4C6F5399-2009-4AF1-8834-006C6DE2BE3F}.MBCS Debug.ActiveCfg = MBCS Debug|Win32
		{4C6F5399-2009-4AF1-8834-006C6DE2BE3F}.MBCS Debug.Build.0 = MBCS Debug|Win32
		{4C6F5399-2009-4AF1-8834-006C6DE2BE3F}.MBCS Debug RDE.ActiveCfg = MBCS Debug RDE|Win32
		{4C6F5399-2009-4AF1-8834-006C6DE2BE3F}.MBCS Debug RDE.Build.0 = MBCS Debug RDE|Win32
		{4C6F5399-2009-4AF1-8834-006C6DE2BE3F}.MBCS Release.ActiveCfg = MBCS Release|Win32
		{4C6F5399-2009-4AF1-8834-006C6DE2BE3F}.MBCS Release.Build.0 = MBCS Release|Win32
		{4C6F5399-2009-4AF1-8834-006C6DE2BE3F}.MBCS Release RDE.ActiveCfg = MBCS Release RDE|Win32
		{4C6F5399-2009-4AF1-8834-006C6DE2BE3F}.MBCS Release RDE.Build.0 = MBCS Release RDE|Win32
		{4C6F5399-2009-4AF1-8834-006C6DE2BE3F}.Release.ActiveCfg = Unicode Release RDE|Win32
		{4C6F5399-2009-4AF1-8834-006C6DE2BE3F}.Release.Build.0 = Unicode Release RDE|Win32
		{4C6F5399-2009-4AF1-8834-006C6DE2BE3F}.Release Multithreaded.ActiveCfg = Unicode Release RDE|Win32
		{4C6F5399-2009-4AF1-8834-006C6DE2BE3F}.Release Multithreaded.Build.0 = Unicode Release RDE|Win32
		{4C6F5399-2009-4AF1-8834-006C6DE2BE3F}.Release Singlethreaded.ActiveCfg = Unicode Release RDE|Win32
		{4C6F5399-2009-4AF1-8834-006C6DE2BE3F}.Release Singlethreaded.Build.0 = Unicode Release RDE|Win32
		{4C6F5399-2009-4AF1-8834-006C6DE2BE3F}.Unicode Debug.ActiveCfg = Unicode Debug|Win32
		{4C6F5399-2009-4AF1-8834-006C6DE2BE3F}.Unicode Debug.Build.0 = Unicode Debug|Win32
		{4C6F5399-2009-4AF1-8834-006C6DE2BE3F}.Unicode Debug RDE.ActiveCfg = Unicode Debug RDE|Win32
		{4C6F5399-2009-4AF1-8834-006C6DE2BE3F}.Unicode Debug RDE.Build.0 = Unicode Debug RDE|Win32
		{4C6F5399-2009-4AF1-8834-006C6DE2BE3F}.Unicode Release.ActiveCfg = Unicode Release|Win32
		{4C6F5399-2009-4AF1-8834-006C6DE2BE3F}.Unicode Release.Build.0 = Unicode Release|Win32
		{4C6F5399-2009-4AF1-8834-006C6DE2BE3F}.Unicode Release RDE.ActiveCfg = Unicode Release RDE|Win32
		{4C6F5399-2009-4AF1-8834-006C6DE2BE3F}.Unicode Release RDE.Build.0 = Unicode Release RDE|Win32
		{401DA32A-BAA4-421D-ADD3-B2D0F15FC6FF}.ANSI Debug.ActiveCfg = Debug|Win32
		{401DA32A-BAA4-421D-ADD3-B2D0F15FC6FF}.ANSI Debug.Build.0 = Debug|Win32
		{401DA32A-BAA4-421D-ADD3-B2D0F15FC6FF}.ANSI Debug RDE.ActiveCfg = Debug|Win32
		{401DA32A-BAA4-421D-ADD3-B2D0F15FC6FF}.ANSI Debug RDE.Build.0 = Debug|Win32
		{401DA32A-BAA4-421D-ADD3-B2D0F15FC6FF}.ANSI Release.ActiveCfg = Release|Win32
		{401DA32A-BAA4-421D-ADD3-B2D0F15FC6FF}.ANSI Release.Build.0 = Release|Win32
		{401DA32A-BAA4-421D-ADD3-B2D0F15FC6FF}.ANSI Release RDE.ActiveCfg = Release|Win32
		{401DA32A-BAA4-421D-ADD3-B2D0F15FC6FF}.ANSI Release RDE.Build.0 = Release|Win32
		{401DA32A-BAA4-421D-ADD3-B2D0F15FC6FF}.Debug.ActiveCfg = Debug|Win32
		{401DA32A-BAA4-421D-ADD3-B2D0F15FC6FF}.Debug.Build.0 = Debug|Win32
		{401DA32A-BAA4-421D-ADD3-B2D0F15FC6FF}.Debug Multithreaded.ActiveCfg = Debug Multithreaded|Win32
		{401DA32A-BAA4-421D-ADD3-B2D0F15FC6FF}.Debug Multithreaded.Build.0 = Debug Multithreaded|Win32
		{401DA32A-BAA4-421D-ADD3-B2D0F15FC6FF}.Debug Singlethreaded.ActiveCfg = Debug Singlethreaded|Win32
		{401DA32A-BAA4-421D-ADD3-B2D0F15FC6FF}.Debug Singlethreaded.Build.0 = Debug Singlethreaded|Win32
		{401DA32A-BAA4-421D-ADD3-B2D0F15FC6FF}.MBCS Debug.ActiveCfg = Debug|Win32
		{401DA32A-BAA4-421D-ADD3-B2D0F15FC6FF}.MBCS Debug.Build.0 = Debug|Win32
		{401DA32A-BAA4-421D-ADD3-B2D0F15FC6FF}.MBCS Debug RDE.ActiveCfg = Debug|Win32
		{401DA32A-BAA4-421D-ADD3-B2D0F15FC6FF}.MBCS Debug RDE.Build.0 = Debug|Win32
		{401DA32A-BAA4-421D-ADD3-B2D0F15FC6FF}.MBCS Release.ActiveCfg = Release|Win32
		{401DA32A-BAA4-421D-ADD3-B2D0F15FC6FF}.MBCS Release.Build.0 = Release|Win32
		{401DA32A-BAA4-421D-ADD3-B2D0F15FC6FF}.MBCS Release RDE.ActiveCfg = Release|Win32
		{401DA32A-BAA4-421D-ADD3-B2D0F15FC6FF}.MBCS Release RDE.Build.0 = Release|Win32
		{401DA32A-BAA4-421D-ADD3-B2D0F15FC6FF}.Release.ActiveCfg = Release|Win32
		{401DA32A-BAA4-421D-ADD3-B2D0F15FC6FF}.Release.Build.0 = Release|Win32
		{401DA32A-BAA4-421D-ADD3-B2D0F15FC6FF}.Release Multithreaded.ActiveCfg = Release Multithreaded|Win32
		{401DA32A-BAA4-421D-ADD3-B2D0F15FC6FF}.Release Multithreaded.Build.0 = Release Multithreaded|Win32
		{401DA32A-BAA4-421D-ADD3-B2D0F15FC6FF}.Release Singlethreaded.ActiveCfg = Release Singlethreaded|Win32
		{401DA32A-BAA4-421D-ADD3-B2D0F15FC6FF}.Release Singlethreaded.Build.0 = Release Singlethreaded|Win32
		{401DA32A-BAA4-421D-ADD3-B2D0F15FC6FF}.Unicode Debug.ActiveCfg = Debug|Win32
		{401DA32A-BAA4-421D-ADD3-B2D0F15FC6FF}.Unicode Debug.Build.0 = Debug|Win32
		{401DA32A-BAA4-421D-ADD3-B2D0F15FC6FF}.Unicode Debug RDE.ActiveCfg = Debug|Win32
		{401DA32A-BAA4-421D-ADD3-B2D0F15FC6FF}.Unicode Debug RDE.Build.0 = Debug|Win32
		{401DA32A-BAA4-421D-ADD3-B2D0F15FC6FF}.Unicode Release.ActiveCfg = Release|Win32
		{401DA32A-BAA4-421D-ADD3-B2D0F15FC6FF}.Unicode Release.Build.0 = Release|Win32
		{401DA32A-BAA4-421D-ADD3-B2D0F15FC6FF}.Unicode Release RDE.ActiveCfg = Release|Win32
		{401DA32A-BAA4-421D-ADD3-B2D0F15FC6FF}.Unicode Release RDE.Build.0 = Release|Win32
		{5D9B56CC-59B9-4B44-B2AD-329FD3E11187}.ANSI Debug.ActiveCfg = Debug|Win32
		{5D9B56CC-59B9-4B44-B2AD-329FD3E11187}.ANSI Debug.Build.0 = Debug|Win32
		{5D9B56CC-59B9-4B44-B2AD-329FD3E11187}.ANSI Debug RDE.ActiveCfg = Debug|Win32
		{5D9B56CC-59B9-4B44-B2AD-329FD3E11187}.ANSI Debug RDE.Build.0 = Debug|Win32
		{5D9B56CC-59B9-4B44-B2AD-329FD3E11187}.ANSI Release.ActiveCfg = Release|Win32
		{5D9B56CC-59B9-4B44-B2AD-329FD3E11187}.ANSI Release.Build.0 = Release|Win32
		{5D9B56CC-59B9-4B44-B2AD-329FD3E11187}.ANSI Release RDE.ActiveCfg = Release|Win32
		{5D9B56CC-59B9-4B44-B2AD-329FD3E11187}.ANSI Release RDE.Build.0 = Release|Win32
		{5D9B56CC-59B9-4B44-B2AD-329FD3E11187}.Debug.ActiveCfg = Debug|Win32
		{5D9B56CC-59B9-4B44-B2AD-329FD3E11187}.Debug.Build.0 = Debug|Win32
		{5D9B56CC-59B9-4B44-B2AD-329FD3E11187}.Debug Multithreaded.ActiveCfg = Debug|Win32
		{5D9B56CC-59B9-4B44-B2AD-329FD3E11187}.Debug Multithreaded.Build.0 = Debug|Win32
		{5D9B56CC-59B9-4B44-B2AD-329FD3E11187}.Debug Singlethreaded.ActiveCfg = Debug|Win32
		{5D9B56CC-59B9-4B44-B2AD-329FD3E11187}.Debug Singlethreaded.Build.0 = Debug|Win32
		{5D9B56CC-59B9-4B44-B2AD-329FD3E11187}.MBCS Debug.ActiveCfg = Debug|Win32
		{5D9B56CC-59B9-4B44-B2AD-329FD3E11187}.MBCS Debug.Build.0 = Debug|Win32
		{5D9B56CC-59B9-4B44-B2AD-329FD3E11187}.MBCS Debug RDE.ActiveCfg = Debug|Win32
		{5D9B56CC-59B9-4B44-B2AD-329FD3E11187}.MBCS Debug RDE.Build.0 = Debug|Win32
		{5D9B56CC-59B9-4B44-B2AD-329FD3E11187}.MBCS Release.ActiveCfg = Release|Win32
		{5D9B56CC-59B9-4B44-B2AD-329FD3E11187}.MBCS Release.Build.0 = Release|Win32
		{5D9B56CC-59B9-4B44-B2AD-329FD3E11187}.MBCS Release RDE.ActiveCfg = Release|Win32
		{5D9B56CC-59B9-4B44-B2AD-329FD3E11187}.MBCS Release RDE.Build.0 = Release|Win32
		{5D9B56CC-59B9-4B44-B2AD-329FD3E11187}.Release.ActiveCfg = Release|Win32
		{5D9B56CC-59B9-4B44-B2AD-329FD3E11187}.Release.Build.0 = Release|Win32
		{5D9B56CC-59B9-4B44-B2AD-329FD3E11187}.Release Multithreaded.ActiveCfg = Release|Win32
		{5D9B56CC-59B9-4B44-B2AD-329FD3E11187}.Release Multithreaded.Build.0 = Release|Win32
		{5D9B56CC-59B9-4B44-B2AD-329FD3E11187}.Release Singlethreaded.ActiveCfg = Release|Win32
		{5D9B56CC-59B9-4B44-B2AD-329FD3E11187}.Release Singlethreaded.Build.0 = Release|Win32
		{5D9B56CC-59B9-4B44-B2AD-329FD3E11187}.Unicode Debug.ActiveCfg = Debug|Win32
		{5D9B56CC-59B9-4B44-B2AD-329FD3E11187}.Unicode Debug.Build.0 = Debug|Win32
		{5D9B56CC-59B9-4B44-B2AD-329FD3E11187}.Unicode Debug RDE.ActiveCfg = Debug|Win32
		{5D9B56CC-59B9-4B44-B2AD-329FD3E11187}.Unicode Debug RDE.Build.0 = Debug|Win32
		{5D9B56CC-59B9-4B44-B2AD-329FD3E11187}.Unicode Release.ActiveCfg = Release|Win32
		{5D9B56CC-59B9-4B44-B2AD-329FD3E11187}.Unicode Release.Build.0 = Release|Win32
		{5D9B56CC-59B9-4B44-B2AD-329FD3E11187}.Unicode Release RDE.ActiveCfg = Release|Win32
		{5D9B56CC-59B9-4B44-B2AD-329FD3E11187}.Unicode Release RDE.Build.0 = Release|Win32
	EndGlobalSection
	GlobalSection(ExtensibilityGlobals) = postSolution
	EndGlobalSection
	GlobalSection(ExtensibilityAddIns) = postSolution
	EndGlobalSection
EndGlobal
